// !$*UTF8*$!
{
	archiveVersion = 1;
	classes = {
	};
	objectVersion = 48;
	objects = {

/* Begin PBXBuildFile section */
		0F03F060FDAC4EAD00A53063 /* Pods_Avenue_AppTests.framework in Frameworks */ = {isa = PBXBuildFile; fileRef = 4557774B071F0664EB614095 /* Pods_Avenue_AppTests.framework */; };
		1F2F8D82A7CEF50F6C893AC5 /* Pods_Avenue_App.framework in Frameworks */ = {isa = PBXBuildFile; fileRef = E5F8B2820BA6BDE5AF711714 /* Pods_Avenue_App.framework */; };
		5E08909E21316D810013D4CF /* AppDelegate.swift in Sources */ = {isa = PBXBuildFile; fileRef = 5E08909D21316D810013D4CF /* AppDelegate.swift */; };
		5E0890A021316D810013D4CF /* ViewController.swift in Sources */ = {isa = PBXBuildFile; fileRef = 5E08909F21316D810013D4CF /* ViewController.swift */; };
		5E0890A321316D810013D4CF /* Main.storyboard in Resources */ = {isa = PBXBuildFile; fileRef = 5E0890A121316D810013D4CF /* Main.storyboard */; };
		5E0890A821316D810013D4CF /* LaunchScreen.storyboard in Resources */ = {isa = PBXBuildFile; fileRef = 5E0890A621316D810013D4CF /* LaunchScreen.storyboard */; };
		5F0E9DAB21AAC44E008FC5C2 /* MealPlannerCollectionViewCell.swift in Sources */ = {isa = PBXBuildFile; fileRef = 5F0E9DA921AAC44E008FC5C2 /* MealPlannerCollectionViewCell.swift */; };
		5F0E9DAC21AAC44E008FC5C2 /* MealPlannerCollectionViewCell.xib in Resources */ = {isa = PBXBuildFile; fileRef = 5F0E9DAA21AAC44E008FC5C2 /* MealPlannerCollectionViewCell.xib */; };
		5F0E9DAF21AAC485008FC5C2 /* MealPlannerTableViewCell.swift in Sources */ = {isa = PBXBuildFile; fileRef = 5F0E9DAD21AAC485008FC5C2 /* MealPlannerTableViewCell.swift */; };
		5F0E9DB021AAC485008FC5C2 /* MealPlannerTableViewCell.xib in Resources */ = {isa = PBXBuildFile; fileRef = 5F0E9DAE21AAC485008FC5C2 /* MealPlannerTableViewCell.xib */; };
		5F0F5F47225CC908003E4708 /* CuratorRecipe.swift in Sources */ = {isa = PBXBuildFile; fileRef = 5F0F5F46225CC908003E4708 /* CuratorRecipe.swift */; };
		5F0F5F49225CC9D1003E4708 /* CuratorRecipeDataSource.swift in Sources */ = {isa = PBXBuildFile; fileRef = 5F0F5F48225CC9D1003E4708 /* CuratorRecipeDataSource.swift */; };
		5F0F5F4B225CCB85003E4708 /* CuratorRecipeTableViewCell.swift in Sources */ = {isa = PBXBuildFile; fileRef = 5F0F5F4A225CCB85003E4708 /* CuratorRecipeTableViewCell.swift */; };
		5F0F5F4D225CCFD0003E4708 /* Curator.swift in Sources */ = {isa = PBXBuildFile; fileRef = 5F0F5F4C225CCFD0003E4708 /* Curator.swift */; };
		5F1B03DC21AD553500F46843 /* Recipe.swift in Sources */ = {isa = PBXBuildFile; fileRef = 5F1B03DB21AD553500F46843 /* Recipe.swift */; };
		5F1B03DF21AD55B800F46843 /* RecipeStructTests.swift in Sources */ = {isa = PBXBuildFile; fileRef = 5F1B03DE21AD55B800F46843 /* RecipeStructTests.swift */; };
		5F1B03E321AD601A00F46843 /* TagStructTest.swift in Sources */ = {isa = PBXBuildFile; fileRef = 5F1B03E221AD601A00F46843 /* TagStructTest.swift */; };
		5F1B03E521AD60B900F46843 /* Tag.swift in Sources */ = {isa = PBXBuildFile; fileRef = 5F1B03E421AD60B900F46843 /* Tag.swift */; };
		5F1B03E821AD65AE00F46843 /* Product.swift in Sources */ = {isa = PBXBuildFile; fileRef = 5F1B03E721AD65AE00F46843 /* Product.swift */; };
		5F24246721A16F6C00DA096C /* TodayPlannerTableViewCell.swift in Sources */ = {isa = PBXBuildFile; fileRef = 5F24246521A16F6C00DA096C /* TodayPlannerTableViewCell.swift */; };
		5F24246821A16F6C00DA096C /* TodayPlannerTableViewCell.xib in Resources */ = {isa = PBXBuildFile; fileRef = 5F24246621A16F6C00DA096C /* TodayPlannerTableViewCell.xib */; };
		5F24246B21A170A800DA096C /* TodayPlannerCollectionViewCell.swift in Sources */ = {isa = PBXBuildFile; fileRef = 5F24246921A170A800DA096C /* TodayPlannerCollectionViewCell.swift */; };
		5F24246C21A170A800DA096C /* TodayPlannerCollectionViewCell.xib in Resources */ = {isa = PBXBuildFile; fileRef = 5F24246A21A170A800DA096C /* TodayPlannerCollectionViewCell.xib */; };
		5F32732C222C18CF002FB43E /* IngredientsViewController.swift in Sources */ = {isa = PBXBuildFile; fileRef = 5F32732B222C18CF002FB43E /* IngredientsViewController.swift */; };
		5F33C016222AF40F00E18DC8 /* RealmModels.swift in Sources */ = {isa = PBXBuildFile; fileRef = 5F33C015222AF40F00E18DC8 /* RealmModels.swift */; };
		5F33C018222B0B0D00E18DC8 /* ShoppingListController.swift in Sources */ = {isa = PBXBuildFile; fileRef = 5F33C017222B0B0D00E18DC8 /* ShoppingListController.swift */; };
		5F33C01A222BE39800E18DC8 /* Alert.swift in Sources */ = {isa = PBXBuildFile; fileRef = 5F33C019222BE39800E18DC8 /* Alert.swift */; };
		5F33C01C222C13E900E18DC8 /* RoundedButton.swift in Sources */ = {isa = PBXBuildFile; fileRef = 5F33C01B222C13E900E18DC8 /* RoundedButton.swift */; };
		5F38E9D2226203AE00458A20 /* BlogContent.swift in Sources */ = {isa = PBXBuildFile; fileRef = 5F38E9D1226203AE00458A20 /* BlogContent.swift */; };
		5F38E9D52264D9D500458A20 /* HeadlineContentTableViewCell.swift in Sources */ = {isa = PBXBuildFile; fileRef = 5F38E9D42264D9D500458A20 /* HeadlineContentTableViewCell.swift */; };
		5F38E9D72264D9E600458A20 /* TextContentTableViewCell.swift in Sources */ = {isa = PBXBuildFile; fileRef = 5F38E9D62264D9E600458A20 /* TextContentTableViewCell.swift */; };
		5F38E9D92264D9FD00458A20 /* ImageContentTableViewCell.swift in Sources */ = {isa = PBXBuildFile; fileRef = 5F38E9D82264D9FD00458A20 /* ImageContentTableViewCell.swift */; };
		5F3A633C2219CFF2009D8DC7 /* RecipeDetailViewController.swift in Sources */ = {isa = PBXBuildFile; fileRef = 5F3A633B2219CFF2009D8DC7 /* RecipeDetailViewController.swift */; };
		5F41264021AD9461004D8935 /* IngredientAndStepTests.swift in Sources */ = {isa = PBXBuildFile; fileRef = 5F41263F21AD9461004D8935 /* IngredientAndStepTests.swift */; };
		5F41264421ADB4E5004D8935 /* MealPlannerViewController.swift in Sources */ = {isa = PBXBuildFile; fileRef = 5F41264321ADB4E5004D8935 /* MealPlannerViewController.swift */; };
		5F41264A21AEA1C6004D8935 /* ProductStructsTest.swift in Sources */ = {isa = PBXBuildFile; fileRef = 5F1B03E921AD65D500F46843 /* ProductStructsTest.swift */; };
		5F416BFF221FE7F2001EA396 /* SegmentedControl.swift in Sources */ = {isa = PBXBuildFile; fileRef = 5F416BFE221FE7F2001EA396 /* SegmentedControl.swift */; };
		5F416C01221FF76C001EA396 /* CircularImageView.swift in Sources */ = {isa = PBXBuildFile; fileRef = 5F416C00221FF76B001EA396 /* CircularImageView.swift */; };
		5F416C0322200535001EA396 /* DirectionsDataSource.swift in Sources */ = {isa = PBXBuildFile; fileRef = 5F416C0222200535001EA396 /* DirectionsDataSource.swift */; };
		5F416C0522200B1C001EA396 /* DirectionsTableViewCell.swift in Sources */ = {isa = PBXBuildFile; fileRef = 5F416C0422200B1C001EA396 /* DirectionsTableViewCell.swift */; };
		5F416C0722200ECE001EA396 /* RoundedView.swift in Sources */ = {isa = PBXBuildFile; fileRef = 5F416C0622200ECE001EA396 /* RoundedView.swift */; };
		5F416C0922202804001EA396 /* IngredientsDataSource.swift in Sources */ = {isa = PBXBuildFile; fileRef = 5F416C0822202804001EA396 /* IngredientsDataSource.swift */; };
		5F51AF2022549B9A002BD163 /* KeyboardService.swift in Sources */ = {isa = PBXBuildFile; fileRef = 5F51AF1F22549B9A002BD163 /* KeyboardService.swift */; };
		5F51C86221A6F4860039927F /* DiscoverTableViewCell.swift in Sources */ = {isa = PBXBuildFile; fileRef = 5F51C86021A6F4860039927F /* DiscoverTableViewCell.swift */; };
		5F51C86321A6F4860039927F /* DiscoverTableViewCell.xib in Resources */ = {isa = PBXBuildFile; fileRef = 5F51C86121A6F4860039927F /* DiscoverTableViewCell.xib */; };
		5F51C86B21A6F9380039927F /* Avenue_AppTests.swift in Sources */ = {isa = PBXBuildFile; fileRef = 5F51C86A21A6F9380039927F /* Avenue_AppTests.swift */; };
		5F51C87621A704CD0039927F /* DiscoverCollectionViewCell.swift in Sources */ = {isa = PBXBuildFile; fileRef = 5F51C87421A704CD0039927F /* DiscoverCollectionViewCell.swift */; };
		5F51C87721A704CD0039927F /* DiscoverCollectionViewCell.xib in Resources */ = {isa = PBXBuildFile; fileRef = 5F51C87521A704CD0039927F /* DiscoverCollectionViewCell.xib */; };
		5F51C87B21A71C5D0039927F /* BlogTableViewCell.swift in Sources */ = {isa = PBXBuildFile; fileRef = 5F51C87921A71C5D0039927F /* BlogTableViewCell.swift */; };
		5F51C87C21A71C5D0039927F /* BlogTableViewCell.xib in Resources */ = {isa = PBXBuildFile; fileRef = 5F51C87A21A71C5D0039927F /* BlogTableViewCell.xib */; };
		5F51C88321A71CFD0039927F /* BlogCollectionViewCell.swift in Sources */ = {isa = PBXBuildFile; fileRef = 5F51C88121A71CFD0039927F /* BlogCollectionViewCell.swift */; };
		5F51C88421A71CFD0039927F /* BlogCollectionViewCell.xib in Resources */ = {isa = PBXBuildFile; fileRef = 5F51C88221A71CFD0039927F /* BlogCollectionViewCell.xib */; };
		5F65E6EB21EDD1A200EA7E0E /* SignUpModelTests.swift in Sources */ = {isa = PBXBuildFile; fileRef = 5F65E6EA21EDD1A200EA7E0E /* SignUpModelTests.swift */; };
		5F65E6ED21EDE93400EA7E0E /* SignupModel.swift in Sources */ = {isa = PBXBuildFile; fileRef = 5F65E6EC21EDE93400EA7E0E /* SignupModel.swift */; };
		5F65E6EF21EDEA1400EA7E0E /* PasswordValidator.swift in Sources */ = {isa = PBXBuildFile; fileRef = 5F65E6EE21EDEA1400EA7E0E /* PasswordValidator.swift */; };
		5F65E6F121EDF9A400EA7E0E /* EmailValidator.swift in Sources */ = {isa = PBXBuildFile; fileRef = 5F65E6F021EDF9A400EA7E0E /* EmailValidator.swift */; };
		5F6B59A02278B46000E8D95B /* UserDataController.swift in Sources */ = {isa = PBXBuildFile; fileRef = 5F6B599F2278B46000E8D95B /* UserDataController.swift */; };
		5F7205732222A71A008D0310 /* ListDataSource.swift in Sources */ = {isa = PBXBuildFile; fileRef = 5F7205722222A71A008D0310 /* ListDataSource.swift */; };
		5F7205752222AD6F008D0310 /* ListTableViewCell.swift in Sources */ = {isa = PBXBuildFile; fileRef = 5F7205742222AD6F008D0310 /* ListTableViewCell.swift */; };
		5F742D4F222D85F200F00520 /* RecipeSlideViewController.swift in Sources */ = {isa = PBXBuildFile; fileRef = 5F742D4E222D85F200F00520 /* RecipeSlideViewController.swift */; };
		5F742D51222EF24800F00520 /* RoundedImageView.swift in Sources */ = {isa = PBXBuildFile; fileRef = 5F742D50222EF24800F00520 /* RoundedImageView.swift */; };
		5F742D54222FCE3700F00520 /* extensions.swift in Sources */ = {isa = PBXBuildFile; fileRef = 5F742D53222FCE3700F00520 /* extensions.swift */; };
		5F742D56222FCF2B00F00520 /* MainCoordinator.swift in Sources */ = {isa = PBXBuildFile; fileRef = 5F742D55222FCF2B00F00520 /* MainCoordinator.swift */; };
		5F742D58222FD25200F00520 /* CuratorViewController.swift in Sources */ = {isa = PBXBuildFile; fileRef = 5F742D57222FD25200F00520 /* CuratorViewController.swift */; };
		5F742D5A222FE41600F00520 /* BlogDetailViewController.swift in Sources */ = {isa = PBXBuildFile; fileRef = 5F742D59222FE41600F00520 /* BlogDetailViewController.swift */; };
		5F89207C2270967C007E14C9 /* EditProfileTableViewController.swift in Sources */ = {isa = PBXBuildFile; fileRef = 5F89207B2270967C007E14C9 /* EditProfileTableViewController.swift */; };
		5F89207E2271DBF0007E14C9 /* EditProfileViewController.swift in Sources */ = {isa = PBXBuildFile; fileRef = 5F89207D2271DBF0007E14C9 /* EditProfileViewController.swift */; };
		5F8E8C4B2220A090002838B4 /* FollowingDataSource.swift in Sources */ = {isa = PBXBuildFile; fileRef = 5F8E8C4A2220A090002838B4 /* FollowingDataSource.swift */; };
		5F8E8C4D2220A0A4002838B4 /* FavoritesDataSource.swift in Sources */ = {isa = PBXBuildFile; fileRef = 5F8E8C4C2220A0A4002838B4 /* FavoritesDataSource.swift */; };
		5F8E8C502220A4A4002838B4 /* FavoritesTableViewCell.swift in Sources */ = {isa = PBXBuildFile; fileRef = 5F8E8C4F2220A4A4002838B4 /* FavoritesTableViewCell.swift */; };
		5F8E8C522220A4C2002838B4 /* FollowingTableViewCell.swift in Sources */ = {isa = PBXBuildFile; fileRef = 5F8E8C512220A4C2002838B4 /* FollowingTableViewCell.swift */; };
		5F938A7021A221D00019C622 /* PopularTableViewCell.swift in Sources */ = {isa = PBXBuildFile; fileRef = 5F938A6E21A221D00019C622 /* PopularTableViewCell.swift */; };
		5F938A7121A221D00019C622 /* PopularTableViewCell.xib in Resources */ = {isa = PBXBuildFile; fileRef = 5F938A6F21A221D00019C622 /* PopularTableViewCell.xib */; };
		5F9FA602229E54CC00DFA680 /* Screen.swift in Sources */ = {isa = PBXBuildFile; fileRef = 5F9FA601229E54CC00DFA680 /* Screen.swift */; };
		5FA17CF1221AD5B900405986 /* ListViewController.swift in Sources */ = {isa = PBXBuildFile; fileRef = 5FA17CF0221AD5B900405986 /* ListViewController.swift */; };
		5FA17CF3221AD86800405986 /* ProfileViewController.swift in Sources */ = {isa = PBXBuildFile; fileRef = 5FA17CF2221AD86800405986 /* ProfileViewController.swift */; };
		5FA17CF5221B334900405986 /* Keys.swift in Sources */ = {isa = PBXBuildFile; fileRef = 5FA17CF4221B334900405986 /* Keys.swift */; };
		5FA7532F222C92AA001B1073 /* Coordinator.swift in Sources */ = {isa = PBXBuildFile; fileRef = 5FA7532E222C92AA001B1073 /* Coordinator.swift */; };
		5FA75331222C9345001B1073 /* SystemVC.swift in Sources */ = {isa = PBXBuildFile; fileRef = 5FA75330222C9345001B1073 /* SystemVC.swift */; };
		5FAB8C2521E52B2400819EAC /* Cardo-Bold.ttf in Resources */ = {isa = PBXBuildFile; fileRef = 5FAB8C2421E52B2400819EAC /* Cardo-Bold.ttf */; };
		5FAB8C2621E52B2400819EAC /* Cardo-Bold.ttf in Resources */ = {isa = PBXBuildFile; fileRef = 5FAB8C2421E52B2400819EAC /* Cardo-Bold.ttf */; };
		5FAB8C2821E52BDD00819EAC /* Montserrat-Bold.otf in Resources */ = {isa = PBXBuildFile; fileRef = 5FAB8C2721E52BDD00819EAC /* Montserrat-Bold.otf */; };
		5FAB8C2921E52BDD00819EAC /* Montserrat-Bold.otf in Resources */ = {isa = PBXBuildFile; fileRef = 5FAB8C2721E52BDD00819EAC /* Montserrat-Bold.otf */; };
		5FAB8C2B21E52C9600819EAC /* Montserrat-SemiBold.otf in Resources */ = {isa = PBXBuildFile; fileRef = 5FAB8C2A21E52C9600819EAC /* Montserrat-SemiBold.otf */; };
		5FAB8C2C21E52C9600819EAC /* Montserrat-SemiBold.otf in Resources */ = {isa = PBXBuildFile; fileRef = 5FAB8C2A21E52C9600819EAC /* Montserrat-SemiBold.otf */; };
		5FAB8C2E21E6883F00819EAC /* WelcomeViewController.swift in Sources */ = {isa = PBXBuildFile; fileRef = 5FAB8C2D21E6883F00819EAC /* WelcomeViewController.swift */; };
		5FAB8C2F21E6883F00819EAC /* WelcomeViewController.swift in Sources */ = {isa = PBXBuildFile; fileRef = 5FAB8C2D21E6883F00819EAC /* WelcomeViewController.swift */; };
		5FAB8C3121E6889000819EAC /* LogInViewController.swift in Sources */ = {isa = PBXBuildFile; fileRef = 5FAB8C3021E6889000819EAC /* LogInViewController.swift */; };
		5FAB8C3221E6889000819EAC /* LogInViewController.swift in Sources */ = {isa = PBXBuildFile; fileRef = 5FAB8C3021E6889000819EAC /* LogInViewController.swift */; };
		5FAB8C3421E688A300819EAC /* RegisterViewController.swift in Sources */ = {isa = PBXBuildFile; fileRef = 5FAB8C3321E688A300819EAC /* RegisterViewController.swift */; };
		5FAB8C3521E688A300819EAC /* RegisterViewController.swift in Sources */ = {isa = PBXBuildFile; fileRef = 5FAB8C3321E688A300819EAC /* RegisterViewController.swift */; };
		5FB17E472214D4BC0010DD35 /* SettingsTableViewController.swift in Sources */ = {isa = PBXBuildFile; fileRef = 5FB17E462214D4BC0010DD35 /* SettingsTableViewController.swift */; };
		5FBDC9202238EE1A000353D3 /* NetworkController.swift in Sources */ = {isa = PBXBuildFile; fileRef = 5FBDC91F2238EE1A000353D3 /* NetworkController.swift */; };
		5FBDD11B219DC67200242016 /* Home.storyboard in Resources */ = {isa = PBXBuildFile; fileRef = 5FBDD11A219DC67200242016 /* Home.storyboard */; };
		5FBDD11D219DC67F00242016 /* Explore.storyboard in Resources */ = {isa = PBXBuildFile; fileRef = 5FBDD11C219DC67F00242016 /* Explore.storyboard */; };
		5FBDD11F219DC68E00242016 /* List.storyboard in Resources */ = {isa = PBXBuildFile; fileRef = 5FBDD11E219DC68E00242016 /* List.storyboard */; };
		5FBDD123219DC6A200242016 /* Profile.storyboard in Resources */ = {isa = PBXBuildFile; fileRef = 5FBDD122219DC6A200242016 /* Profile.storyboard */; };
		5FBDD128219DF27A00242016 /* HomeViewController.swift in Sources */ = {isa = PBXBuildFile; fileRef = 5FBDD127219DF27900242016 /* HomeViewController.swift */; };
		5FC8561D21F6553E00847B76 /* AppUITabBarController.swift in Sources */ = {isa = PBXBuildFile; fileRef = 5FC8561C21F6553E00847B76 /* AppUITabBarController.swift */; };
		5FC8561F21F88F0700847B76 /* TagLabel.swift in Sources */ = {isa = PBXBuildFile; fileRef = 5FC8561E21F88F0700847B76 /* TagLabel.swift */; };
		5FCE0DC9221C16FD0071E00C /* Models.swift in Sources */ = {isa = PBXBuildFile; fileRef = 5FCE0DC8221C16FD0071E00C /* Models.swift */; };
		5FD3CF8F22565CDA00148164 /* TagCollectionViewCell.swift in Sources */ = {isa = PBXBuildFile; fileRef = 5FD3CF8E22565CDA00148164 /* TagCollectionViewCell.swift */; };
		5FD6A77B2215FD59002130FB /* CustomCollectionView.swift in Sources */ = {isa = PBXBuildFile; fileRef = 5FD6A77A2215FD59002130FB /* CustomCollectionView.swift */; };
		5FD6A77D2217A22E002130FB /* Protocols.swift in Sources */ = {isa = PBXBuildFile; fileRef = 5FD6A77C2217A22E002130FB /* Protocols.swift */; };
		5FD73C53223C010C00434500 /* ImageService.swift in Sources */ = {isa = PBXBuildFile; fileRef = 5FD73C52223C010C00434500 /* ImageService.swift */; };
		5FD73C56223C4ACD00434500 /* FavoriteService.swift in Sources */ = {isa = PBXBuildFile; fileRef = 5FD73C55223C4ACD00434500 /* FavoriteService.swift */; };
		5FDD350B2225389D000F9B0E /* ExploreTableViewCell.swift in Sources */ = {isa = PBXBuildFile; fileRef = 5FDD350A2225389D000F9B0E /* ExploreTableViewCell.swift */; };
		5FDD350F2226B061000F9B0E /* FavoriteController.swift in Sources */ = {isa = PBXBuildFile; fileRef = 5FDD350E2226B061000F9B0E /* FavoriteController.swift */; };
		5FE0002E22246F9B001DE3A4 /* ExploreViewController.swift in Sources */ = {isa = PBXBuildFile; fileRef = 5FE0002D22246F9B001DE3A4 /* ExploreViewController.swift */; };
		5FE0003022248AC0001DE3A4 /* RoundedSides.swift in Sources */ = {isa = PBXBuildFile; fileRef = 5FE0002F22248AC0001DE3A4 /* RoundedSides.swift */; };
		5FF18A7321A2B62E00E9C286 /* PopularCollectionViewCell.swift in Sources */ = {isa = PBXBuildFile; fileRef = 5FF18A7121A2B62E00E9C286 /* PopularCollectionViewCell.swift */; };
		5FF18A7421A2B62E00E9C286 /* PopularCollectionViewCell.xib in Resources */ = {isa = PBXBuildFile; fileRef = 5FF18A7221A2B62E00E9C286 /* PopularCollectionViewCell.xib */; };
		5FF18A7621A2BEAD00E9C286 /* Assets.xcassets in Resources */ = {isa = PBXBuildFile; fileRef = 5FF18A7521A2BEAD00E9C286 /* Assets.xcassets */; };
		5FF54F6921CF198600B8B451 /* GoogleService-Info.plist in Resources */ = {isa = PBXBuildFile; fileRef = 5FF54F6821CF198600B8B451 /* GoogleService-Info.plist */; };
/* End PBXBuildFile section */

/* Begin PBXContainerItemProxy section */
		5F51C86D21A6F9380039927F /* PBXContainerItemProxy */ = {
			isa = PBXContainerItemProxy;
			containerPortal = 5E08909221316D810013D4CF /* Project object */;
			proxyType = 1;
			remoteGlobalIDString = 5E08909921316D810013D4CF;
			remoteInfo = "Avenue App";
		};
/* End PBXContainerItemProxy section */

/* Begin PBXFileReference section */
		4557774B071F0664EB614095 /* Pods_Avenue_AppTests.framework */ = {isa = PBXFileReference; explicitFileType = wrapper.framework; includeInIndex = 0; path = Pods_Avenue_AppTests.framework; sourceTree = BUILT_PRODUCTS_DIR; };
		5E08909A21316D810013D4CF /* Avenue App.app */ = {isa = PBXFileReference; explicitFileType = wrapper.application; includeInIndex = 0; path = "Avenue App.app"; sourceTree = BUILT_PRODUCTS_DIR; };
		5E08909D21316D810013D4CF /* AppDelegate.swift */ = {isa = PBXFileReference; lastKnownFileType = sourcecode.swift; path = AppDelegate.swift; sourceTree = "<group>"; };
		5E08909F21316D810013D4CF /* ViewController.swift */ = {isa = PBXFileReference; lastKnownFileType = sourcecode.swift; path = ViewController.swift; sourceTree = "<group>"; };
		5E0890A221316D810013D4CF /* Base */ = {isa = PBXFileReference; lastKnownFileType = file.storyboard; name = Base; path = Base.lproj/Main.storyboard; sourceTree = "<group>"; };
		5E0890A721316D810013D4CF /* Base */ = {isa = PBXFileReference; lastKnownFileType = file.storyboard; name = Base; path = Base.lproj/LaunchScreen.storyboard; sourceTree = "<group>"; };
		5E0890A921316D810013D4CF /* Info.plist */ = {isa = PBXFileReference; lastKnownFileType = text.plist.xml; path = Info.plist; sourceTree = "<group>"; };
		5F0E9DA921AAC44E008FC5C2 /* MealPlannerCollectionViewCell.swift */ = {isa = PBXFileReference; lastKnownFileType = sourcecode.swift; path = MealPlannerCollectionViewCell.swift; sourceTree = "<group>"; };
		5F0E9DAA21AAC44E008FC5C2 /* MealPlannerCollectionViewCell.xib */ = {isa = PBXFileReference; lastKnownFileType = file.xib; path = MealPlannerCollectionViewCell.xib; sourceTree = "<group>"; };
		5F0E9DAD21AAC485008FC5C2 /* MealPlannerTableViewCell.swift */ = {isa = PBXFileReference; lastKnownFileType = sourcecode.swift; path = MealPlannerTableViewCell.swift; sourceTree = "<group>"; };
		5F0E9DAE21AAC485008FC5C2 /* MealPlannerTableViewCell.xib */ = {isa = PBXFileReference; lastKnownFileType = file.xib; path = MealPlannerTableViewCell.xib; sourceTree = "<group>"; };
		5F0F5F46225CC908003E4708 /* CuratorRecipe.swift */ = {isa = PBXFileReference; lastKnownFileType = sourcecode.swift; path = CuratorRecipe.swift; sourceTree = "<group>"; };
		5F0F5F48225CC9D1003E4708 /* CuratorRecipeDataSource.swift */ = {isa = PBXFileReference; lastKnownFileType = sourcecode.swift; path = CuratorRecipeDataSource.swift; sourceTree = "<group>"; };
		5F0F5F4A225CCB85003E4708 /* CuratorRecipeTableViewCell.swift */ = {isa = PBXFileReference; lastKnownFileType = sourcecode.swift; path = CuratorRecipeTableViewCell.swift; sourceTree = "<group>"; };
		5F0F5F4C225CCFD0003E4708 /* Curator.swift */ = {isa = PBXFileReference; lastKnownFileType = sourcecode.swift; path = Curator.swift; sourceTree = "<group>"; };
		5F1B03DB21AD553500F46843 /* Recipe.swift */ = {isa = PBXFileReference; lastKnownFileType = sourcecode.swift; path = Recipe.swift; sourceTree = "<group>"; };
		5F1B03DE21AD55B800F46843 /* RecipeStructTests.swift */ = {isa = PBXFileReference; lastKnownFileType = sourcecode.swift; path = RecipeStructTests.swift; sourceTree = "<group>"; };
		5F1B03E221AD601A00F46843 /* TagStructTest.swift */ = {isa = PBXFileReference; lastKnownFileType = sourcecode.swift; path = TagStructTest.swift; sourceTree = "<group>"; };
		5F1B03E421AD60B900F46843 /* Tag.swift */ = {isa = PBXFileReference; lastKnownFileType = sourcecode.swift; path = Tag.swift; sourceTree = "<group>"; };
		5F1B03E721AD65AE00F46843 /* Product.swift */ = {isa = PBXFileReference; lastKnownFileType = sourcecode.swift; path = Product.swift; sourceTree = "<group>"; };
		5F1B03E921AD65D500F46843 /* ProductStructsTest.swift */ = {isa = PBXFileReference; lastKnownFileType = sourcecode.swift; path = ProductStructsTest.swift; sourceTree = "<group>"; };
		5F24246521A16F6C00DA096C /* TodayPlannerTableViewCell.swift */ = {isa = PBXFileReference; lastKnownFileType = sourcecode.swift; path = TodayPlannerTableViewCell.swift; sourceTree = "<group>"; };
		5F24246621A16F6C00DA096C /* TodayPlannerTableViewCell.xib */ = {isa = PBXFileReference; lastKnownFileType = file.xib; path = TodayPlannerTableViewCell.xib; sourceTree = "<group>"; };
		5F24246921A170A800DA096C /* TodayPlannerCollectionViewCell.swift */ = {isa = PBXFileReference; lastKnownFileType = sourcecode.swift; path = TodayPlannerCollectionViewCell.swift; sourceTree = "<group>"; };
		5F24246A21A170A800DA096C /* TodayPlannerCollectionViewCell.xib */ = {isa = PBXFileReference; lastKnownFileType = file.xib; path = TodayPlannerCollectionViewCell.xib; sourceTree = "<group>"; };
		5F32732B222C18CF002FB43E /* IngredientsViewController.swift */ = {isa = PBXFileReference; lastKnownFileType = sourcecode.swift; path = IngredientsViewController.swift; sourceTree = "<group>"; };
		5F33C015222AF40F00E18DC8 /* RealmModels.swift */ = {isa = PBXFileReference; lastKnownFileType = sourcecode.swift; path = RealmModels.swift; sourceTree = "<group>"; };
		5F33C017222B0B0D00E18DC8 /* ShoppingListController.swift */ = {isa = PBXFileReference; lastKnownFileType = sourcecode.swift; path = ShoppingListController.swift; sourceTree = "<group>"; };
		5F33C019222BE39800E18DC8 /* Alert.swift */ = {isa = PBXFileReference; lastKnownFileType = sourcecode.swift; path = Alert.swift; sourceTree = "<group>"; };
		5F33C01B222C13E900E18DC8 /* RoundedButton.swift */ = {isa = PBXFileReference; lastKnownFileType = sourcecode.swift; path = RoundedButton.swift; sourceTree = "<group>"; };
		5F38E9D1226203AE00458A20 /* BlogContent.swift */ = {isa = PBXFileReference; lastKnownFileType = sourcecode.swift; path = BlogContent.swift; sourceTree = "<group>"; };
		5F38E9D42264D9D500458A20 /* HeadlineContentTableViewCell.swift */ = {isa = PBXFileReference; lastKnownFileType = sourcecode.swift; path = HeadlineContentTableViewCell.swift; sourceTree = "<group>"; };
		5F38E9D62264D9E600458A20 /* TextContentTableViewCell.swift */ = {isa = PBXFileReference; lastKnownFileType = sourcecode.swift; path = TextContentTableViewCell.swift; sourceTree = "<group>"; };
		5F38E9D82264D9FD00458A20 /* ImageContentTableViewCell.swift */ = {isa = PBXFileReference; lastKnownFileType = sourcecode.swift; path = ImageContentTableViewCell.swift; sourceTree = "<group>"; };
		5F3A633B2219CFF2009D8DC7 /* RecipeDetailViewController.swift */ = {isa = PBXFileReference; lastKnownFileType = sourcecode.swift; path = RecipeDetailViewController.swift; sourceTree = "<group>"; };
		5F41263F21AD9461004D8935 /* IngredientAndStepTests.swift */ = {isa = PBXFileReference; lastKnownFileType = sourcecode.swift; path = IngredientAndStepTests.swift; sourceTree = "<group>"; };
		5F41264321ADB4E5004D8935 /* MealPlannerViewController.swift */ = {isa = PBXFileReference; lastKnownFileType = sourcecode.swift; path = MealPlannerViewController.swift; sourceTree = "<group>"; };
		5F416BFE221FE7F2001EA396 /* SegmentedControl.swift */ = {isa = PBXFileReference; lastKnownFileType = sourcecode.swift; path = SegmentedControl.swift; sourceTree = "<group>"; };
		5F416C00221FF76B001EA396 /* CircularImageView.swift */ = {isa = PBXFileReference; lastKnownFileType = sourcecode.swift; path = CircularImageView.swift; sourceTree = "<group>"; };
		5F416C0222200535001EA396 /* DirectionsDataSource.swift */ = {isa = PBXFileReference; lastKnownFileType = sourcecode.swift; path = DirectionsDataSource.swift; sourceTree = "<group>"; };
		5F416C0422200B1C001EA396 /* DirectionsTableViewCell.swift */ = {isa = PBXFileReference; lastKnownFileType = sourcecode.swift; path = DirectionsTableViewCell.swift; sourceTree = "<group>"; };
		5F416C0622200ECE001EA396 /* RoundedView.swift */ = {isa = PBXFileReference; fileEncoding = 4; lastKnownFileType = sourcecode.swift; path = RoundedView.swift; sourceTree = "<group>"; };
		5F416C0822202804001EA396 /* IngredientsDataSource.swift */ = {isa = PBXFileReference; lastKnownFileType = sourcecode.swift; path = IngredientsDataSource.swift; sourceTree = "<group>"; };
		5F51AF1F22549B9A002BD163 /* KeyboardService.swift */ = {isa = PBXFileReference; lastKnownFileType = sourcecode.swift; path = KeyboardService.swift; sourceTree = "<group>"; };
		5F51C86021A6F4860039927F /* DiscoverTableViewCell.swift */ = {isa = PBXFileReference; lastKnownFileType = sourcecode.swift; path = DiscoverTableViewCell.swift; sourceTree = "<group>"; };
		5F51C86121A6F4860039927F /* DiscoverTableViewCell.xib */ = {isa = PBXFileReference; lastKnownFileType = file.xib; path = DiscoverTableViewCell.xib; sourceTree = "<group>"; };
		5F51C86821A6F9380039927F /* Avenue AppTests.xctest */ = {isa = PBXFileReference; explicitFileType = wrapper.cfbundle; includeInIndex = 0; path = "Avenue AppTests.xctest"; sourceTree = BUILT_PRODUCTS_DIR; };
		5F51C86A21A6F9380039927F /* Avenue_AppTests.swift */ = {isa = PBXFileReference; lastKnownFileType = sourcecode.swift; path = Avenue_AppTests.swift; sourceTree = "<group>"; };
		5F51C86C21A6F9380039927F /* Info.plist */ = {isa = PBXFileReference; lastKnownFileType = text.plist.xml; path = Info.plist; sourceTree = "<group>"; };
		5F51C87421A704CD0039927F /* DiscoverCollectionViewCell.swift */ = {isa = PBXFileReference; lastKnownFileType = sourcecode.swift; path = DiscoverCollectionViewCell.swift; sourceTree = "<group>"; };
		5F51C87521A704CD0039927F /* DiscoverCollectionViewCell.xib */ = {isa = PBXFileReference; lastKnownFileType = file.xib; path = DiscoverCollectionViewCell.xib; sourceTree = "<group>"; };
		5F51C87921A71C5D0039927F /* BlogTableViewCell.swift */ = {isa = PBXFileReference; lastKnownFileType = sourcecode.swift; path = BlogTableViewCell.swift; sourceTree = "<group>"; };
		5F51C87A21A71C5D0039927F /* BlogTableViewCell.xib */ = {isa = PBXFileReference; lastKnownFileType = file.xib; path = BlogTableViewCell.xib; sourceTree = "<group>"; };
		5F51C88121A71CFD0039927F /* BlogCollectionViewCell.swift */ = {isa = PBXFileReference; lastKnownFileType = sourcecode.swift; path = BlogCollectionViewCell.swift; sourceTree = "<group>"; };
		5F51C88221A71CFD0039927F /* BlogCollectionViewCell.xib */ = {isa = PBXFileReference; lastKnownFileType = file.xib; path = BlogCollectionViewCell.xib; sourceTree = "<group>"; };
		5F65E6EA21EDD1A200EA7E0E /* SignUpModelTests.swift */ = {isa = PBXFileReference; lastKnownFileType = sourcecode.swift; path = SignUpModelTests.swift; sourceTree = "<group>"; };
		5F65E6EC21EDE93400EA7E0E /* SignupModel.swift */ = {isa = PBXFileReference; lastKnownFileType = sourcecode.swift; path = SignupModel.swift; sourceTree = "<group>"; };
		5F65E6EE21EDEA1400EA7E0E /* PasswordValidator.swift */ = {isa = PBXFileReference; lastKnownFileType = sourcecode.swift; path = PasswordValidator.swift; sourceTree = "<group>"; };
		5F65E6F021EDF9A400EA7E0E /* EmailValidator.swift */ = {isa = PBXFileReference; lastKnownFileType = sourcecode.swift; path = EmailValidator.swift; sourceTree = "<group>"; };
		5F6B599F2278B46000E8D95B /* UserDataController.swift */ = {isa = PBXFileReference; lastKnownFileType = sourcecode.swift; path = UserDataController.swift; sourceTree = "<group>"; };
		5F7205722222A71A008D0310 /* ListDataSource.swift */ = {isa = PBXFileReference; lastKnownFileType = sourcecode.swift; path = ListDataSource.swift; sourceTree = "<group>"; };
		5F7205742222AD6F008D0310 /* ListTableViewCell.swift */ = {isa = PBXFileReference; lastKnownFileType = sourcecode.swift; path = ListTableViewCell.swift; sourceTree = "<group>"; };
		5F742D4E222D85F200F00520 /* RecipeSlideViewController.swift */ = {isa = PBXFileReference; lastKnownFileType = sourcecode.swift; path = RecipeSlideViewController.swift; sourceTree = "<group>"; };
		5F742D50222EF24800F00520 /* RoundedImageView.swift */ = {isa = PBXFileReference; lastKnownFileType = sourcecode.swift; path = RoundedImageView.swift; sourceTree = "<group>"; };
		5F742D53222FCE3700F00520 /* extensions.swift */ = {isa = PBXFileReference; lastKnownFileType = sourcecode.swift; path = extensions.swift; sourceTree = "<group>"; };
		5F742D55222FCF2B00F00520 /* MainCoordinator.swift */ = {isa = PBXFileReference; lastKnownFileType = sourcecode.swift; path = MainCoordinator.swift; sourceTree = "<group>"; };
		5F742D57222FD25200F00520 /* CuratorViewController.swift */ = {isa = PBXFileReference; lastKnownFileType = sourcecode.swift; path = CuratorViewController.swift; sourceTree = "<group>"; };
		5F742D59222FE41600F00520 /* BlogDetailViewController.swift */ = {isa = PBXFileReference; lastKnownFileType = sourcecode.swift; path = BlogDetailViewController.swift; sourceTree = "<group>"; };
		5F89207B2270967C007E14C9 /* EditProfileTableViewController.swift */ = {isa = PBXFileReference; lastKnownFileType = sourcecode.swift; path = EditProfileTableViewController.swift; sourceTree = "<group>"; };
		5F89207D2271DBF0007E14C9 /* EditProfileViewController.swift */ = {isa = PBXFileReference; lastKnownFileType = sourcecode.swift; path = EditProfileViewController.swift; sourceTree = "<group>"; };
		5F8E8C4A2220A090002838B4 /* FollowingDataSource.swift */ = {isa = PBXFileReference; lastKnownFileType = sourcecode.swift; path = FollowingDataSource.swift; sourceTree = "<group>"; };
		5F8E8C4C2220A0A4002838B4 /* FavoritesDataSource.swift */ = {isa = PBXFileReference; lastKnownFileType = sourcecode.swift; path = FavoritesDataSource.swift; sourceTree = "<group>"; };
		5F8E8C4F2220A4A4002838B4 /* FavoritesTableViewCell.swift */ = {isa = PBXFileReference; lastKnownFileType = sourcecode.swift; path = FavoritesTableViewCell.swift; sourceTree = "<group>"; };
		5F8E8C512220A4C2002838B4 /* FollowingTableViewCell.swift */ = {isa = PBXFileReference; lastKnownFileType = sourcecode.swift; path = FollowingTableViewCell.swift; sourceTree = "<group>"; };
		5F938A6E21A221D00019C622 /* PopularTableViewCell.swift */ = {isa = PBXFileReference; lastKnownFileType = sourcecode.swift; path = PopularTableViewCell.swift; sourceTree = "<group>"; };
		5F938A6F21A221D00019C622 /* PopularTableViewCell.xib */ = {isa = PBXFileReference; lastKnownFileType = file.xib; path = PopularTableViewCell.xib; sourceTree = "<group>"; };
		5F9FA601229E54CC00DFA680 /* Screen.swift */ = {isa = PBXFileReference; lastKnownFileType = sourcecode.swift; path = Screen.swift; sourceTree = "<group>"; };
		5FA17CF0221AD5B900405986 /* ListViewController.swift */ = {isa = PBXFileReference; lastKnownFileType = sourcecode.swift; path = ListViewController.swift; sourceTree = "<group>"; };
		5FA17CF2221AD86800405986 /* ProfileViewController.swift */ = {isa = PBXFileReference; lastKnownFileType = sourcecode.swift; path = ProfileViewController.swift; sourceTree = "<group>"; };
		5FA17CF4221B334900405986 /* Keys.swift */ = {isa = PBXFileReference; lastKnownFileType = sourcecode.swift; path = Keys.swift; sourceTree = "<group>"; };
		5FA7532E222C92AA001B1073 /* Coordinator.swift */ = {isa = PBXFileReference; lastKnownFileType = sourcecode.swift; path = Coordinator.swift; sourceTree = "<group>"; };
		5FA75330222C9345001B1073 /* SystemVC.swift */ = {isa = PBXFileReference; lastKnownFileType = sourcecode.swift; path = SystemVC.swift; sourceTree = "<group>"; };
		5FAB8C2421E52B2400819EAC /* Cardo-Bold.ttf */ = {isa = PBXFileReference; lastKnownFileType = file; path = "Cardo-Bold.ttf"; sourceTree = "<group>"; };
		5FAB8C2721E52BDD00819EAC /* Montserrat-Bold.otf */ = {isa = PBXFileReference; lastKnownFileType = file; path = "Montserrat-Bold.otf"; sourceTree = "<group>"; };
		5FAB8C2A21E52C9600819EAC /* Montserrat-SemiBold.otf */ = {isa = PBXFileReference; lastKnownFileType = file; path = "Montserrat-SemiBold.otf"; sourceTree = "<group>"; };
		5FAB8C2D21E6883F00819EAC /* WelcomeViewController.swift */ = {isa = PBXFileReference; lastKnownFileType = sourcecode.swift; path = WelcomeViewController.swift; sourceTree = "<group>"; };
		5FAB8C3021E6889000819EAC /* LogInViewController.swift */ = {isa = PBXFileReference; lastKnownFileType = sourcecode.swift; path = LogInViewController.swift; sourceTree = "<group>"; };
		5FAB8C3321E688A300819EAC /* RegisterViewController.swift */ = {isa = PBXFileReference; lastKnownFileType = sourcecode.swift; path = RegisterViewController.swift; sourceTree = "<group>"; };
		5FB17E462214D4BC0010DD35 /* SettingsTableViewController.swift */ = {isa = PBXFileReference; lastKnownFileType = sourcecode.swift; path = SettingsTableViewController.swift; sourceTree = "<group>"; };
		5FBDC91F2238EE1A000353D3 /* NetworkController.swift */ = {isa = PBXFileReference; lastKnownFileType = sourcecode.swift; path = NetworkController.swift; sourceTree = "<group>"; };
		5FBDD11A219DC67200242016 /* Home.storyboard */ = {isa = PBXFileReference; lastKnownFileType = file.storyboard; path = Home.storyboard; sourceTree = "<group>"; };
		5FBDD11C219DC67F00242016 /* Explore.storyboard */ = {isa = PBXFileReference; lastKnownFileType = file.storyboard; path = Explore.storyboard; sourceTree = "<group>"; };
		5FBDD11E219DC68E00242016 /* List.storyboard */ = {isa = PBXFileReference; lastKnownFileType = file.storyboard; path = List.storyboard; sourceTree = "<group>"; };
		5FBDD122219DC6A200242016 /* Profile.storyboard */ = {isa = PBXFileReference; lastKnownFileType = file.storyboard; path = Profile.storyboard; sourceTree = "<group>"; };
		5FBDD127219DF27900242016 /* HomeViewController.swift */ = {isa = PBXFileReference; lastKnownFileType = sourcecode.swift; path = HomeViewController.swift; sourceTree = "<group>"; };
		5FC8561C21F6553E00847B76 /* AppUITabBarController.swift */ = {isa = PBXFileReference; lastKnownFileType = sourcecode.swift; path = AppUITabBarController.swift; sourceTree = "<group>"; };
		5FC8561E21F88F0700847B76 /* TagLabel.swift */ = {isa = PBXFileReference; fileEncoding = 4; lastKnownFileType = sourcecode.swift; path = TagLabel.swift; sourceTree = "<group>"; };
		5FCE0DC8221C16FD0071E00C /* Models.swift */ = {isa = PBXFileReference; lastKnownFileType = sourcecode.swift; path = Models.swift; sourceTree = "<group>"; };
		5FD3CF8E22565CDA00148164 /* TagCollectionViewCell.swift */ = {isa = PBXFileReference; lastKnownFileType = sourcecode.swift; path = TagCollectionViewCell.swift; sourceTree = "<group>"; };
		5FD6A77A2215FD59002130FB /* CustomCollectionView.swift */ = {isa = PBXFileReference; lastKnownFileType = sourcecode.swift; path = CustomCollectionView.swift; sourceTree = "<group>"; };
		5FD6A77C2217A22E002130FB /* Protocols.swift */ = {isa = PBXFileReference; lastKnownFileType = sourcecode.swift; path = Protocols.swift; sourceTree = "<group>"; };
		5FD73C52223C010C00434500 /* ImageService.swift */ = {isa = PBXFileReference; lastKnownFileType = sourcecode.swift; path = ImageService.swift; sourceTree = "<group>"; };
		5FD73C55223C4ACD00434500 /* FavoriteService.swift */ = {isa = PBXFileReference; lastKnownFileType = sourcecode.swift; path = FavoriteService.swift; sourceTree = "<group>"; };
		5FDD350A2225389D000F9B0E /* ExploreTableViewCell.swift */ = {isa = PBXFileReference; lastKnownFileType = sourcecode.swift; path = ExploreTableViewCell.swift; sourceTree = "<group>"; };
		5FDD350C22253D32000F9B0E /* Montserrat-Regular.otf */ = {isa = PBXFileReference; lastKnownFileType = file; path = "Montserrat-Regular.otf"; sourceTree = "<group>"; };
		5FDD350E2226B061000F9B0E /* FavoriteController.swift */ = {isa = PBXFileReference; lastKnownFileType = sourcecode.swift; path = FavoriteController.swift; sourceTree = "<group>"; };
		5FE0002D22246F9B001DE3A4 /* ExploreViewController.swift */ = {isa = PBXFileReference; lastKnownFileType = sourcecode.swift; path = ExploreViewController.swift; sourceTree = "<group>"; };
		5FE0002F22248AC0001DE3A4 /* RoundedSides.swift */ = {isa = PBXFileReference; lastKnownFileType = sourcecode.swift; path = RoundedSides.swift; sourceTree = "<group>"; };
		5FF18A7121A2B62E00E9C286 /* PopularCollectionViewCell.swift */ = {isa = PBXFileReference; lastKnownFileType = sourcecode.swift; path = PopularCollectionViewCell.swift; sourceTree = "<group>"; };
		5FF18A7221A2B62E00E9C286 /* PopularCollectionViewCell.xib */ = {isa = PBXFileReference; lastKnownFileType = file.xib; path = PopularCollectionViewCell.xib; sourceTree = "<group>"; };
		5FF18A7521A2BEAD00E9C286 /* Assets.xcassets */ = {isa = PBXFileReference; lastKnownFileType = folder.assetcatalog; path = Assets.xcassets; sourceTree = "<group>"; };
		5FF54F6821CF198600B8B451 /* GoogleService-Info.plist */ = {isa = PBXFileReference; fileEncoding = 4; lastKnownFileType = text.plist.xml; path = "GoogleService-Info.plist"; sourceTree = "<group>"; };
		62706BE8B9A8F2916536E98F /* Pods-Avenue App.release.xcconfig */ = {isa = PBXFileReference; includeInIndex = 1; lastKnownFileType = text.xcconfig; name = "Pods-Avenue App.release.xcconfig"; path = "Pods/Target Support Files/Pods-Avenue App/Pods-Avenue App.release.xcconfig"; sourceTree = "<group>"; };
		66423DDB38CDC4661D0F7FF5 /* Pods-Avenue App.debug.xcconfig */ = {isa = PBXFileReference; includeInIndex = 1; lastKnownFileType = text.xcconfig; name = "Pods-Avenue App.debug.xcconfig"; path = "Pods/Target Support Files/Pods-Avenue App/Pods-Avenue App.debug.xcconfig"; sourceTree = "<group>"; };
		A17013C8EBEB9189F3E4F619 /* Pods-Avenue AppTests.release.xcconfig */ = {isa = PBXFileReference; includeInIndex = 1; lastKnownFileType = text.xcconfig; name = "Pods-Avenue AppTests.release.xcconfig"; path = "Pods/Target Support Files/Pods-Avenue AppTests/Pods-Avenue AppTests.release.xcconfig"; sourceTree = "<group>"; };
		E5F8B2820BA6BDE5AF711714 /* Pods_Avenue_App.framework */ = {isa = PBXFileReference; explicitFileType = wrapper.framework; includeInIndex = 0; path = Pods_Avenue_App.framework; sourceTree = BUILT_PRODUCTS_DIR; };
		FC745B6143AFA1A6BAFB2CF9 /* Pods-Avenue AppTests.debug.xcconfig */ = {isa = PBXFileReference; includeInIndex = 1; lastKnownFileType = text.xcconfig; name = "Pods-Avenue AppTests.debug.xcconfig"; path = "Pods/Target Support Files/Pods-Avenue AppTests/Pods-Avenue AppTests.debug.xcconfig"; sourceTree = "<group>"; };
/* End PBXFileReference section */

/* Begin PBXFrameworksBuildPhase section */
		5E08909721316D810013D4CF /* Frameworks */ = {
			isa = PBXFrameworksBuildPhase;
			buildActionMask = 2147483647;
			files = (
				1F2F8D82A7CEF50F6C893AC5 /* Pods_Avenue_App.framework in Frameworks */,
			);
			runOnlyForDeploymentPostprocessing = 0;
		};
		5F51C86521A6F9380039927F /* Frameworks */ = {
			isa = PBXFrameworksBuildPhase;
			buildActionMask = 2147483647;
			files = (
				0F03F060FDAC4EAD00A53063 /* Pods_Avenue_AppTests.framework in Frameworks */,
			);
			runOnlyForDeploymentPostprocessing = 0;
		};
/* End PBXFrameworksBuildPhase section */

/* Begin PBXGroup section */
		1724CB64783B6EAFE263337E /* Frameworks */ = {
			isa = PBXGroup;
			children = (
				E5F8B2820BA6BDE5AF711714 /* Pods_Avenue_App.framework */,
				4557774B071F0664EB614095 /* Pods_Avenue_AppTests.framework */,
			);
			name = Frameworks;
			sourceTree = "<group>";
		};
		5E08909121316D810013D4CF = {
			isa = PBXGroup;
			children = (
				5E08909C21316D810013D4CF /* Avenue App */,
				5F51C86921A6F9380039927F /* Avenue AppTests */,
				5E08909B21316D810013D4CF /* Products */,
				D617473D7AC2B3BD5937859F /* Pods */,
				1724CB64783B6EAFE263337E /* Frameworks */,
			);
			sourceTree = "<group>";
		};
		5E08909B21316D810013D4CF /* Products */ = {
			isa = PBXGroup;
			children = (
				5E08909A21316D810013D4CF /* Avenue App.app */,
				5F51C86821A6F9380039927F /* Avenue AppTests.xctest */,
			);
			name = Products;
			sourceTree = "<group>";
		};
		5E08909C21316D810013D4CF /* Avenue App */ = {
			isa = PBXGroup;
			children = (
				5F742D52222FCCE100F00520 /* Extensions */,
				5FAB8C2321E52B0C00819EAC /* Fonts */,
				5FF18A7521A2BEAD00E9C286 /* Assets.xcassets */,
				5FD6A77C2217A22E002130FB /* Protocols.swift */,
				5FB17E452214CCFE0010DD35 /* DataSource */,
				5F24245621A0946F00DA096C /* View */,
				5FBDD124219DD02400242016 /* Model */,
				5FDD350D2226B005000F9B0E /* Controllers */,
				5E08909D21316D810013D4CF /* AppDelegate.swift */,
				5F1B03E621AD656900F46843 /* View Controllers */,
				5FBDD119219DC64100242016 /* Storyboards */,
				5E0890A921316D810013D4CF /* Info.plist */,
				5FF54F6821CF198600B8B451 /* GoogleService-Info.plist */,
				5FA7532E222C92AA001B1073 /* Coordinator.swift */,
				5F742D55222FCF2B00F00520 /* MainCoordinator.swift */,
				5FBDC91F2238EE1A000353D3 /* NetworkController.swift */,
				5FD73C54223C4AA300434500 /* Services */,
			);
			path = "Avenue App";
			sourceTree = "<group>";
		};
		5F0E9DA821AAC421008FC5C2 /* MealPlannerTableViewCell */ = {
			isa = PBXGroup;
			children = (
				5F0E9DAD21AAC485008FC5C2 /* MealPlannerTableViewCell.swift */,
				5F0E9DAE21AAC485008FC5C2 /* MealPlannerTableViewCell.xib */,
				5F0E9DA921AAC44E008FC5C2 /* MealPlannerCollectionViewCell.swift */,
				5F0E9DAA21AAC44E008FC5C2 /* MealPlannerCollectionViewCell.xib */,
			);
			path = MealPlannerTableViewCell;
			sourceTree = "<group>";
		};
		5F1B03DD21AD55A000F46843 /* Test Model */ = {
			isa = PBXGroup;
			children = (
				5F1B03DE21AD55B800F46843 /* RecipeStructTests.swift */,
				5F1B03E221AD601A00F46843 /* TagStructTest.swift */,
				5F1B03E921AD65D500F46843 /* ProductStructsTest.swift */,
				5F41263F21AD9461004D8935 /* IngredientAndStepTests.swift */,
				5F65E6EA21EDD1A200EA7E0E /* SignUpModelTests.swift */,
			);
			path = "Test Model";
			sourceTree = "<group>";
		};
		5F1B03E621AD656900F46843 /* View Controllers */ = {
			isa = PBXGroup;
			children = (
				5E08909F21316D810013D4CF /* ViewController.swift */,
				5FBDD127219DF27900242016 /* HomeViewController.swift */,
				5F41264321ADB4E5004D8935 /* MealPlannerViewController.swift */,
				5FAB8C2D21E6883F00819EAC /* WelcomeViewController.swift */,
				5FAB8C3021E6889000819EAC /* LogInViewController.swift */,
				5FAB8C3321E688A300819EAC /* RegisterViewController.swift */,
				5FC8561C21F6553E00847B76 /* AppUITabBarController.swift */,
				5FB17E462214D4BC0010DD35 /* SettingsTableViewController.swift */,
				5F3A633B2219CFF2009D8DC7 /* RecipeDetailViewController.swift */,
				5FA17CF0221AD5B900405986 /* ListViewController.swift */,
				5FA17CF2221AD86800405986 /* ProfileViewController.swift */,
				5FE0002D22246F9B001DE3A4 /* ExploreViewController.swift */,
				5F32732B222C18CF002FB43E /* IngredientsViewController.swift */,
				5F742D4E222D85F200F00520 /* RecipeSlideViewController.swift */,
				5F742D57222FD25200F00520 /* CuratorViewController.swift */,
				5F742D59222FE41600F00520 /* BlogDetailViewController.swift */,
				5F89207B2270967C007E14C9 /* EditProfileTableViewController.swift */,
				5F89207D2271DBF0007E14C9 /* EditProfileViewController.swift */,
			);
			path = "View Controllers";
			sourceTree = "<group>";
		};
		5F24245621A0946F00DA096C /* View */ = {
			isa = PBXGroup;
			children = (
				5F38E9D32264D9B700458A20 /* BlogContentTableViewCells */,
				5F0E9DA821AAC421008FC5C2 /* MealPlannerTableViewCell */,
				5F51C87821A71BAB0039927F /* BlogTableViewCell */,
				5F51C85F21A6F2C10039927F /* DiscoverTableViewCell */,
				5F6C37CB21A21AC30020D9DC /* PopularTableViewCell */,
				5F2424A821A217A700DA096C /* TodayPlannerTableViewCell */,
				5F8E8C4E2220A461002838B4 /* Custom Views */,
				5F416C0422200B1C001EA396 /* DirectionsTableViewCell.swift */,
				5F8E8C4F2220A4A4002838B4 /* FavoritesTableViewCell.swift */,
				5F8E8C512220A4C2002838B4 /* FollowingTableViewCell.swift */,
				5F7205742222AD6F008D0310 /* ListTableViewCell.swift */,
				5FDD350A2225389D000F9B0E /* ExploreTableViewCell.swift */,
				5F33C019222BE39800E18DC8 /* Alert.swift */,
				5FA75330222C9345001B1073 /* SystemVC.swift */,
				5F0F5F4A225CCB85003E4708 /* CuratorRecipeTableViewCell.swift */,
			);
			path = View;
			sourceTree = "<group>";
		};
		5F2424A821A217A700DA096C /* TodayPlannerTableViewCell */ = {
			isa = PBXGroup;
			children = (
				5F24246521A16F6C00DA096C /* TodayPlannerTableViewCell.swift */,
				5F24246621A16F6C00DA096C /* TodayPlannerTableViewCell.xib */,
				5F24246921A170A800DA096C /* TodayPlannerCollectionViewCell.swift */,
				5F24246A21A170A800DA096C /* TodayPlannerCollectionViewCell.xib */,
			);
			path = TodayPlannerTableViewCell;
			sourceTree = "<group>";
		};
		5F38E9D32264D9B700458A20 /* BlogContentTableViewCells */ = {
			isa = PBXGroup;
			children = (
				5F38E9D42264D9D500458A20 /* HeadlineContentTableViewCell.swift */,
				5F38E9D62264D9E600458A20 /* TextContentTableViewCell.swift */,
				5F38E9D82264D9FD00458A20 /* ImageContentTableViewCell.swift */,
			);
			path = BlogContentTableViewCells;
			sourceTree = "<group>";
		};
		5F51C85F21A6F2C10039927F /* DiscoverTableViewCell */ = {
			isa = PBXGroup;
			children = (
				5F51C86021A6F4860039927F /* DiscoverTableViewCell.swift */,
				5F51C86121A6F4860039927F /* DiscoverTableViewCell.xib */,
				5F51C87421A704CD0039927F /* DiscoverCollectionViewCell.swift */,
				5F51C87521A704CD0039927F /* DiscoverCollectionViewCell.xib */,
			);
			path = DiscoverTableViewCell;
			sourceTree = "<group>";
		};
		5F51C86921A6F9380039927F /* Avenue AppTests */ = {
			isa = PBXGroup;
			children = (
				5F1B03DD21AD55A000F46843 /* Test Model */,
				5F51C86A21A6F9380039927F /* Avenue_AppTests.swift */,
				5F51C86C21A6F9380039927F /* Info.plist */,
			);
			path = "Avenue AppTests";
			sourceTree = "<group>";
		};
		5F51C87821A71BAB0039927F /* BlogTableViewCell */ = {
			isa = PBXGroup;
			children = (
				5F51C87921A71C5D0039927F /* BlogTableViewCell.swift */,
				5F51C87A21A71C5D0039927F /* BlogTableViewCell.xib */,
				5F51C88121A71CFD0039927F /* BlogCollectionViewCell.swift */,
				5F51C88221A71CFD0039927F /* BlogCollectionViewCell.xib */,
			);
			path = BlogTableViewCell;
			sourceTree = "<group>";
		};
		5F6C37CB21A21AC30020D9DC /* PopularTableViewCell */ = {
			isa = PBXGroup;
			children = (
				5F938A6E21A221D00019C622 /* PopularTableViewCell.swift */,
				5F938A6F21A221D00019C622 /* PopularTableViewCell.xib */,
				5FF18A7121A2B62E00E9C286 /* PopularCollectionViewCell.swift */,
				5FF18A7221A2B62E00E9C286 /* PopularCollectionViewCell.xib */,
			);
			path = PopularTableViewCell;
			sourceTree = "<group>";
		};
		5F742D52222FCCE100F00520 /* Extensions */ = {
			isa = PBXGroup;
			children = (
				5F742D53222FCE3700F00520 /* extensions.swift */,
			);
			path = Extensions;
			sourceTree = "<group>";
		};
		5F8E8C4E2220A461002838B4 /* Custom Views */ = {
			isa = PBXGroup;
			children = (
				5F416C0622200ECE001EA396 /* RoundedView.swift */,
				5FC8561E21F88F0700847B76 /* TagLabel.swift */,
				5FD6A77A2215FD59002130FB /* CustomCollectionView.swift */,
				5F416C00221FF76B001EA396 /* CircularImageView.swift */,
				5F416BFE221FE7F2001EA396 /* SegmentedControl.swift */,
				5FE0002F22248AC0001DE3A4 /* RoundedSides.swift */,
				5F33C01B222C13E900E18DC8 /* RoundedButton.swift */,
				5F742D50222EF24800F00520 /* RoundedImageView.swift */,
				5FD3CF8E22565CDA00148164 /* TagCollectionViewCell.swift */,
			);
			path = "Custom Views";
			sourceTree = "<group>";
		};
		5FAB8C2321E52B0C00819EAC /* Fonts */ = {
			isa = PBXGroup;
			children = (
				5FDD350C22253D32000F9B0E /* Montserrat-Regular.otf */,
				5FAB8C2A21E52C9600819EAC /* Montserrat-SemiBold.otf */,
				5FAB8C2721E52BDD00819EAC /* Montserrat-Bold.otf */,
				5FAB8C2421E52B2400819EAC /* Cardo-Bold.ttf */,
			);
			path = Fonts;
			sourceTree = "<group>";
		};
		5FB17E452214CCFE0010DD35 /* DataSource */ = {
			isa = PBXGroup;
			children = (
				5F416C0222200535001EA396 /* DirectionsDataSource.swift */,
				5F416C0822202804001EA396 /* IngredientsDataSource.swift */,
				5F8E8C4A2220A090002838B4 /* FollowingDataSource.swift */,
				5F8E8C4C2220A0A4002838B4 /* FavoritesDataSource.swift */,
				5F7205722222A71A008D0310 /* ListDataSource.swift */,
				5F0F5F48225CC9D1003E4708 /* CuratorRecipeDataSource.swift */,
			);
			path = DataSource;
			sourceTree = "<group>";
		};
		5FBDD119219DC64100242016 /* Storyboards */ = {
			isa = PBXGroup;
			children = (
				5E0890A621316D810013D4CF /* LaunchScreen.storyboard */,
				5E0890A121316D810013D4CF /* Main.storyboard */,
				5FBDD11A219DC67200242016 /* Home.storyboard */,
				5FBDD11C219DC67F00242016 /* Explore.storyboard */,
				5FBDD11E219DC68E00242016 /* List.storyboard */,
				5FBDD122219DC6A200242016 /* Profile.storyboard */,
			);
			path = Storyboards;
			sourceTree = "<group>";
		};
		5FBDD124219DD02400242016 /* Model */ = {
			isa = PBXGroup;
			children = (
				5F1B03DB21AD553500F46843 /* Recipe.swift */,
				5FCE0DC8221C16FD0071E00C /* Models.swift */,
				5F1B03E421AD60B900F46843 /* Tag.swift */,
				5F1B03E721AD65AE00F46843 /* Product.swift */,
				5F65E6EC21EDE93400EA7E0E /* SignupModel.swift */,
				5F65E6EE21EDEA1400EA7E0E /* PasswordValidator.swift */,
				5F65E6F021EDF9A400EA7E0E /* EmailValidator.swift */,
				5FA17CF4221B334900405986 /* Keys.swift */,
				5F33C015222AF40F00E18DC8 /* RealmModels.swift */,
				5F0F5F46225CC908003E4708 /* CuratorRecipe.swift */,
				5F0F5F4C225CCFD0003E4708 /* Curator.swift */,
				5F38E9D1226203AE00458A20 /* BlogContent.swift */,
				5F9FA601229E54CC00DFA680 /* Screen.swift */,
			);
			path = Model;
			sourceTree = "<group>";
		};
		5FD73C54223C4AA300434500 /* Services */ = {
			isa = PBXGroup;
			children = (
				5FD73C52223C010C00434500 /* ImageService.swift */,
				5FD73C55223C4ACD00434500 /* FavoriteService.swift */,
				5F51AF1F22549B9A002BD163 /* KeyboardService.swift */,
			);
			path = Services;
			sourceTree = "<group>";
		};
		5FDD350D2226B005000F9B0E /* Controllers */ = {
			isa = PBXGroup;
			children = (
				5FDD350E2226B061000F9B0E /* FavoriteController.swift */,
				5F33C017222B0B0D00E18DC8 /* ShoppingListController.swift */,
				5F6B599F2278B46000E8D95B /* UserDataController.swift */,
			);
			path = Controllers;
			sourceTree = "<group>";
		};
		D617473D7AC2B3BD5937859F /* Pods */ = {
			isa = PBXGroup;
			children = (
				66423DDB38CDC4661D0F7FF5 /* Pods-Avenue App.debug.xcconfig */,
				62706BE8B9A8F2916536E98F /* Pods-Avenue App.release.xcconfig */,
				FC745B6143AFA1A6BAFB2CF9 /* Pods-Avenue AppTests.debug.xcconfig */,
				A17013C8EBEB9189F3E4F619 /* Pods-Avenue AppTests.release.xcconfig */,
			);
			name = Pods;
			sourceTree = "<group>";
		};
/* End PBXGroup section */

/* Begin PBXNativeTarget section */
		5E08909921316D810013D4CF /* Avenue App */ = {
			isa = PBXNativeTarget;
			buildConfigurationList = 5E0890AC21316D810013D4CF /* Build configuration list for PBXNativeTarget "Avenue App" */;
			buildPhases = (
				5E840B9CAF730DAD63462724 /* [CP] Check Pods Manifest.lock */,
				5E08909621316D810013D4CF /* Sources */,
				5E08909721316D810013D4CF /* Frameworks */,
				5E08909821316D810013D4CF /* Resources */,
				4EFAA28A65011A62D1627C00 /* [CP] Embed Pods Frameworks */,
				34C41A0D79BAEE36A3F4D17E /* [CP] Copy Pods Resources */,
			);
			buildRules = (
			);
			dependencies = (
			);
			name = "Avenue App";
			productName = "Avenue App";
			productReference = 5E08909A21316D810013D4CF /* Avenue App.app */;
			productType = "com.apple.product-type.application";
		};
		5F51C86721A6F9380039927F /* Avenue AppTests */ = {
			isa = PBXNativeTarget;
			buildConfigurationList = 5F51C86F21A6F9380039927F /* Build configuration list for PBXNativeTarget "Avenue AppTests" */;
			buildPhases = (
				A281146DF1CCA62042B8D72D /* [CP] Check Pods Manifest.lock */,
				5F51C86421A6F9380039927F /* Sources */,
				5F51C86521A6F9380039927F /* Frameworks */,
				5F51C86621A6F9380039927F /* Resources */,
				EC5C9DA1A0A936D73B9464EF /* [CP] Embed Pods Frameworks */,
			);
			buildRules = (
			);
			dependencies = (
				5F51C86E21A6F9380039927F /* PBXTargetDependency */,
			);
			name = "Avenue AppTests";
			productName = "Avenue AppTests";
			productReference = 5F51C86821A6F9380039927F /* Avenue AppTests.xctest */;
			productType = "com.apple.product-type.bundle.unit-test";
		};
/* End PBXNativeTarget section */

/* Begin PBXProject section */
		5E08909221316D810013D4CF /* Project object */ = {
			isa = PBXProject;
			attributes = {
				LastSwiftUpdateCheck = 1000;
				LastUpgradeCheck = 1000;
				ORGANIZATIONNAME = Gboyega;
				TargetAttributes = {
					5E08909921316D810013D4CF = {
						CreatedOnToolsVersion = 9.1;
						ProvisioningStyle = Automatic;
					};
					5F51C86721A6F9380039927F = {
						CreatedOnToolsVersion = 10.0;
						ProvisioningStyle = Automatic;
						TestTargetID = 5E08909921316D810013D4CF;
					};
				};
			};
			buildConfigurationList = 5E08909521316D810013D4CF /* Build configuration list for PBXProject "Avenue App" */;
			compatibilityVersion = "Xcode 8.0";
			developmentRegion = en;
			hasScannedForEncodings = 0;
			knownRegions = (
				en,
				Base,
			);
			mainGroup = 5E08909121316D810013D4CF;
			productRefGroup = 5E08909B21316D810013D4CF /* Products */;
			projectDirPath = "";
			projectRoot = "";
			targets = (
				5E08909921316D810013D4CF /* Avenue App */,
				5F51C86721A6F9380039927F /* Avenue AppTests */,
			);
		};
/* End PBXProject section */

/* Begin PBXResourcesBuildPhase section */
		5E08909821316D810013D4CF /* Resources */ = {
			isa = PBXResourcesBuildPhase;
			buildActionMask = 2147483647;
			files = (
				5E0890A821316D810013D4CF /* LaunchScreen.storyboard in Resources */,
				5FBDD123219DC6A200242016 /* Profile.storyboard in Resources */,
				5FAB8C2821E52BDD00819EAC /* Montserrat-Bold.otf in Resources */,
				5FBDD11D219DC67F00242016 /* Explore.storyboard in Resources */,
				5FF18A7421A2B62E00E9C286 /* PopularCollectionViewCell.xib in Resources */,
				5E0890A321316D810013D4CF /* Main.storyboard in Resources */,
				5FAB8C2521E52B2400819EAC /* Cardo-Bold.ttf in Resources */,
				5FAB8C2B21E52C9600819EAC /* Montserrat-SemiBold.otf in Resources */,
				5F0E9DB021AAC485008FC5C2 /* MealPlannerTableViewCell.xib in Resources */,
				5F51C86321A6F4860039927F /* DiscoverTableViewCell.xib in Resources */,
				5F51C88421A71CFD0039927F /* BlogCollectionViewCell.xib in Resources */,
				5F0E9DAC21AAC44E008FC5C2 /* MealPlannerCollectionViewCell.xib in Resources */,
				5FBDD11F219DC68E00242016 /* List.storyboard in Resources */,
				5FF54F6921CF198600B8B451 /* GoogleService-Info.plist in Resources */,
				5F51C87C21A71C5D0039927F /* BlogTableViewCell.xib in Resources */,
				5F24246C21A170A800DA096C /* TodayPlannerCollectionViewCell.xib in Resources */,
				5F938A7121A221D00019C622 /* PopularTableViewCell.xib in Resources */,
				5FBDD11B219DC67200242016 /* Home.storyboard in Resources */,
				5FF18A7621A2BEAD00E9C286 /* Assets.xcassets in Resources */,
				5F24246821A16F6C00DA096C /* TodayPlannerTableViewCell.xib in Resources */,
				5F51C87721A704CD0039927F /* DiscoverCollectionViewCell.xib in Resources */,
			);
			runOnlyForDeploymentPostprocessing = 0;
		};
		5F51C86621A6F9380039927F /* Resources */ = {
			isa = PBXResourcesBuildPhase;
			buildActionMask = 2147483647;
			files = (
				5FAB8C2C21E52C9600819EAC /* Montserrat-SemiBold.otf in Resources */,
				5FAB8C2621E52B2400819EAC /* Cardo-Bold.ttf in Resources */,
				5FAB8C2921E52BDD00819EAC /* Montserrat-Bold.otf in Resources */,
			);
			runOnlyForDeploymentPostprocessing = 0;
		};
/* End PBXResourcesBuildPhase section */

/* Begin PBXShellScriptBuildPhase section */
		34C41A0D79BAEE36A3F4D17E /* [CP] Copy Pods Resources */ = {
			isa = PBXShellScriptBuildPhase;
			buildActionMask = 2147483647;
			files = (
			);
			inputFileListPaths = (
			);
			inputPaths = (
				"${SRCROOT}/Pods/Target Support Files/Pods-Avenue App/Pods-Avenue App-resources.sh",
				"${PODS_ROOT}/GoogleSignIn/Resources/GoogleSignIn.bundle",
			);
			name = "[CP] Copy Pods Resources";
			outputFileListPaths = (
			);
			outputPaths = (
				"${TARGET_BUILD_DIR}/${UNLOCALIZED_RESOURCES_FOLDER_PATH}/GoogleSignIn.bundle",
			);
			runOnlyForDeploymentPostprocessing = 0;
			shellPath = /bin/sh;
			shellScript = "\"${SRCROOT}/Pods/Target Support Files/Pods-Avenue App/Pods-Avenue App-resources.sh\"\n";
			showEnvVarsInLog = 0;
		};
		4EFAA28A65011A62D1627C00 /* [CP] Embed Pods Frameworks */ = {
			isa = PBXShellScriptBuildPhase;
			buildActionMask = 2147483647;
			files = (
			);
			inputFileListPaths = (
			);
			inputPaths = (
				"${SRCROOT}/Pods/Target Support Files/Pods-Avenue App/Pods-Avenue App-frameworks.sh",
				"${BUILT_PRODUCTS_DIR}/BoringSSL-GRPC/openssl_grpc.framework",
				"${BUILT_PRODUCTS_DIR}/GTMSessionFetcher/GTMSessionFetcher.framework",
				"${BUILT_PRODUCTS_DIR}/GoogleToolboxForMac/GoogleToolboxForMac.framework",
				"${BUILT_PRODUCTS_DIR}/GoogleUtilities/GoogleUtilities.framework",
				"${BUILT_PRODUCTS_DIR}/InstantSearch/InstantSearch.framework",
				"${BUILT_PRODUCTS_DIR}/InstantSearchClient/InstantSearchClient.framework",
				"${BUILT_PRODUCTS_DIR}/InstantSearchCore/InstantSearchCore.framework",
				"${BUILT_PRODUCTS_DIR}/Protobuf/Protobuf.framework",
				"${BUILT_PRODUCTS_DIR}/Realm/Realm.framework",
				"${BUILT_PRODUCTS_DIR}/RealmSwift/RealmSwift.framework",
				"${BUILT_PRODUCTS_DIR}/gRPC-C++/grpcpp.framework",
				"${BUILT_PRODUCTS_DIR}/gRPC-Core/grpc.framework",
				"${BUILT_PRODUCTS_DIR}/leveldb-library/leveldb.framework",
				"${BUILT_PRODUCTS_DIR}/nanopb/nanopb.framework",
			);
			name = "[CP] Embed Pods Frameworks";
			outputFileListPaths = (
			);
			outputPaths = (
				"${TARGET_BUILD_DIR}/${FRAMEWORKS_FOLDER_PATH}/openssl_grpc.framework",
				"${TARGET_BUILD_DIR}/${FRAMEWORKS_FOLDER_PATH}/GTMSessionFetcher.framework",
				"${TARGET_BUILD_DIR}/${FRAMEWORKS_FOLDER_PATH}/GoogleToolboxForMac.framework",
				"${TARGET_BUILD_DIR}/${FRAMEWORKS_FOLDER_PATH}/GoogleUtilities.framework",
				"${TARGET_BUILD_DIR}/${FRAMEWORKS_FOLDER_PATH}/InstantSearch.framework",
				"${TARGET_BUILD_DIR}/${FRAMEWORKS_FOLDER_PATH}/InstantSearchClient.framework",
				"${TARGET_BUILD_DIR}/${FRAMEWORKS_FOLDER_PATH}/InstantSearchCore.framework",
				"${TARGET_BUILD_DIR}/${FRAMEWORKS_FOLDER_PATH}/Protobuf.framework",
				"${TARGET_BUILD_DIR}/${FRAMEWORKS_FOLDER_PATH}/Realm.framework",
				"${TARGET_BUILD_DIR}/${FRAMEWORKS_FOLDER_PATH}/RealmSwift.framework",
				"${TARGET_BUILD_DIR}/${FRAMEWORKS_FOLDER_PATH}/grpcpp.framework",
				"${TARGET_BUILD_DIR}/${FRAMEWORKS_FOLDER_PATH}/grpc.framework",
				"${TARGET_BUILD_DIR}/${FRAMEWORKS_FOLDER_PATH}/leveldb.framework",
				"${TARGET_BUILD_DIR}/${FRAMEWORKS_FOLDER_PATH}/nanopb.framework",
			);
			runOnlyForDeploymentPostprocessing = 0;
			shellPath = /bin/sh;
			shellScript = "\"${SRCROOT}/Pods/Target Support Files/Pods-Avenue App/Pods-Avenue App-frameworks.sh\"\n";
			showEnvVarsInLog = 0;
		};
		5E840B9CAF730DAD63462724 /* [CP] Check Pods Manifest.lock */ = {
			isa = PBXShellScriptBuildPhase;
			buildActionMask = 2147483647;
			files = (
			);
			inputFileListPaths = (
			);
			inputPaths = (
				"${PODS_PODFILE_DIR_PATH}/Podfile.lock",
				"${PODS_ROOT}/Manifest.lock",
			);
			name = "[CP] Check Pods Manifest.lock";
			outputFileListPaths = (
			);
			outputPaths = (
				"$(DERIVED_FILE_DIR)/Pods-Avenue App-checkManifestLockResult.txt",
			);
			runOnlyForDeploymentPostprocessing = 0;
			shellPath = /bin/sh;
			shellScript = "diff \"${PODS_PODFILE_DIR_PATH}/Podfile.lock\" \"${PODS_ROOT}/Manifest.lock\" > /dev/null\nif [ $? != 0 ] ; then\n    # print error to STDERR\n    echo \"error: The sandbox is not in sync with the Podfile.lock. Run 'pod install' or update your CocoaPods installation.\" >&2\n    exit 1\nfi\n# This output is used by Xcode 'outputs' to avoid re-running this script phase.\necho \"SUCCESS\" > \"${SCRIPT_OUTPUT_FILE_0}\"\n";
			showEnvVarsInLog = 0;
		};
		A281146DF1CCA62042B8D72D /* [CP] Check Pods Manifest.lock */ = {
			isa = PBXShellScriptBuildPhase;
			buildActionMask = 2147483647;
			files = (
			);
			inputFileListPaths = (
			);
			inputPaths = (
				"${PODS_PODFILE_DIR_PATH}/Podfile.lock",
				"${PODS_ROOT}/Manifest.lock",
			);
			name = "[CP] Check Pods Manifest.lock";
			outputFileListPaths = (
			);
			outputPaths = (
				"$(DERIVED_FILE_DIR)/Pods-Avenue AppTests-checkManifestLockResult.txt",
			);
			runOnlyForDeploymentPostprocessing = 0;
			shellPath = /bin/sh;
			shellScript = "diff \"${PODS_PODFILE_DIR_PATH}/Podfile.lock\" \"${PODS_ROOT}/Manifest.lock\" > /dev/null\nif [ $? != 0 ] ; then\n    # print error to STDERR\n    echo \"error: The sandbox is not in sync with the Podfile.lock. Run 'pod install' or update your CocoaPods installation.\" >&2\n    exit 1\nfi\n# This output is used by Xcode 'outputs' to avoid re-running this script phase.\necho \"SUCCESS\" > \"${SCRIPT_OUTPUT_FILE_0}\"\n";
			showEnvVarsInLog = 0;
		};
		EC5C9DA1A0A936D73B9464EF /* [CP] Embed Pods Frameworks */ = {
			isa = PBXShellScriptBuildPhase;
			buildActionMask = 2147483647;
			files = (
			);
			inputFileListPaths = (
			);
			inputPaths = (
				"${SRCROOT}/Pods/Target Support Files/Pods-Avenue AppTests/Pods-Avenue AppTests-frameworks.sh",
				"${BUILT_PRODUCTS_DIR}/GoogleUtilities/GoogleUtilities.framework",
				"${BUILT_PRODUCTS_DIR}/Realm/Realm.framework",
				"${BUILT_PRODUCTS_DIR}/RealmSwift/RealmSwift.framework",
				"${BUILT_PRODUCTS_DIR}/nanopb/nanopb.framework",
			);
			name = "[CP] Embed Pods Frameworks";
			outputFileListPaths = (
			);
			outputPaths = (
				"${TARGET_BUILD_DIR}/${FRAMEWORKS_FOLDER_PATH}/GoogleUtilities.framework",
				"${TARGET_BUILD_DIR}/${FRAMEWORKS_FOLDER_PATH}/Realm.framework",
				"${TARGET_BUILD_DIR}/${FRAMEWORKS_FOLDER_PATH}/RealmSwift.framework",
				"${TARGET_BUILD_DIR}/${FRAMEWORKS_FOLDER_PATH}/nanopb.framework",
			);
			runOnlyForDeploymentPostprocessing = 0;
			shellPath = /bin/sh;
			shellScript = "\"${SRCROOT}/Pods/Target Support Files/Pods-Avenue AppTests/Pods-Avenue AppTests-frameworks.sh\"\n";
			showEnvVarsInLog = 0;
		};
/* End PBXShellScriptBuildPhase section */

/* Begin PBXSourcesBuildPhase section */
		5E08909621316D810013D4CF /* Sources */ = {
			isa = PBXSourcesBuildPhase;
			buildActionMask = 2147483647;
			files = (
				5F416C0722200ECE001EA396 /* RoundedView.swift in Sources */,
				5F33C01C222C13E900E18DC8 /* RoundedButton.swift in Sources */,
				5FCE0DC9221C16FD0071E00C /* Models.swift in Sources */,
				5F416C01221FF76C001EA396 /* CircularImageView.swift in Sources */,
				5F6B59A02278B46000E8D95B /* UserDataController.swift in Sources */,
				5FD73C56223C4ACD00434500 /* FavoriteService.swift in Sources */,
				5F1B03E521AD60B900F46843 /* Tag.swift in Sources */,
				5FE0003022248AC0001DE3A4 /* RoundedSides.swift in Sources */,
				5FA17CF5221B334900405986 /* Keys.swift in Sources */,
				5E0890A021316D810013D4CF /* ViewController.swift in Sources */,
				5F416C0922202804001EA396 /* IngredientsDataSource.swift in Sources */,
				5F51C87B21A71C5D0039927F /* BlogTableViewCell.swift in Sources */,
				5F38E9D2226203AE00458A20 /* BlogContent.swift in Sources */,
				5F8E8C4D2220A0A4002838B4 /* FavoritesDataSource.swift in Sources */,
				5F742D54222FCE3700F00520 /* extensions.swift in Sources */,
				5F38E9D72264D9E600458A20 /* TextContentTableViewCell.swift in Sources */,
				5F51C87621A704CD0039927F /* DiscoverCollectionViewCell.swift in Sources */,
				5F742D56222FCF2B00F00520 /* MainCoordinator.swift in Sources */,
				5F51C88321A71CFD0039927F /* BlogCollectionViewCell.swift in Sources */,
				5FC8561F21F88F0700847B76 /* TagLabel.swift in Sources */,
				5FDD350F2226B061000F9B0E /* FavoriteController.swift in Sources */,
				5F89207E2271DBF0007E14C9 /* EditProfileViewController.swift in Sources */,
				5F65E6F121EDF9A400EA7E0E /* EmailValidator.swift in Sources */,
				5F1B03E821AD65AE00F46843 /* Product.swift in Sources */,
				5FA7532F222C92AA001B1073 /* Coordinator.swift in Sources */,
				5F7205752222AD6F008D0310 /* ListTableViewCell.swift in Sources */,
				5F742D5A222FE41600F00520 /* BlogDetailViewController.swift in Sources */,
				5F7205732222A71A008D0310 /* ListDataSource.swift in Sources */,
				5F33C01A222BE39800E18DC8 /* Alert.swift in Sources */,
				5F416C0522200B1C001EA396 /* DirectionsTableViewCell.swift in Sources */,
				5FA17CF1221AD5B900405986 /* ListViewController.swift in Sources */,
				5FBDC9202238EE1A000353D3 /* NetworkController.swift in Sources */,
				5F41264421ADB4E5004D8935 /* MealPlannerViewController.swift in Sources */,
				5F8E8C4B2220A090002838B4 /* FollowingDataSource.swift in Sources */,
				5FD3CF8F22565CDA00148164 /* TagCollectionViewCell.swift in Sources */,
				5F8E8C502220A4A4002838B4 /* FavoritesTableViewCell.swift in Sources */,
				5E08909E21316D810013D4CF /* AppDelegate.swift in Sources */,
				5F0F5F49225CC9D1003E4708 /* CuratorRecipeDataSource.swift in Sources */,
				5FAB8C3121E6889000819EAC /* LogInViewController.swift in Sources */,
				5FA17CF3221AD86800405986 /* ProfileViewController.swift in Sources */,
				5F0F5F4B225CCB85003E4708 /* CuratorRecipeTableViewCell.swift in Sources */,
				5FD73C53223C010C00434500 /* ImageService.swift in Sources */,
				5F0F5F4D225CCFD0003E4708 /* Curator.swift in Sources */,
				5F38E9D52264D9D500458A20 /* HeadlineContentTableViewCell.swift in Sources */,
				5FAB8C3421E688A300819EAC /* RegisterViewController.swift in Sources */,
				5F742D51222EF24800F00520 /* RoundedImageView.swift in Sources */,
				5F0F5F47225CC908003E4708 /* CuratorRecipe.swift in Sources */,
				5FD6A77D2217A22E002130FB /* Protocols.swift in Sources */,
				5F24246721A16F6C00DA096C /* TodayPlannerTableViewCell.swift in Sources */,
				5FC8561D21F6553E00847B76 /* AppUITabBarController.swift in Sources */,
				5F938A7021A221D00019C622 /* PopularTableViewCell.swift in Sources */,
				5F32732C222C18CF002FB43E /* IngredientsViewController.swift in Sources */,
				5F24246B21A170A800DA096C /* TodayPlannerCollectionViewCell.swift in Sources */,
				5F8E8C522220A4C2002838B4 /* FollowingTableViewCell.swift in Sources */,
				5F51C86221A6F4860039927F /* DiscoverTableViewCell.swift in Sources */,
				5F89207C2270967C007E14C9 /* EditProfileTableViewController.swift in Sources */,
				5F416BFF221FE7F2001EA396 /* SegmentedControl.swift in Sources */,
				5FB17E472214D4BC0010DD35 /* SettingsTableViewController.swift in Sources */,
				5F1B03DC21AD553500F46843 /* Recipe.swift in Sources */,
				5F33C018222B0B0D00E18DC8 /* ShoppingListController.swift in Sources */,
				5FD6A77B2215FD59002130FB /* CustomCollectionView.swift in Sources */,
				5FF18A7321A2B62E00E9C286 /* PopularCollectionViewCell.swift in Sources */,
				5F33C016222AF40F00E18DC8 /* RealmModels.swift in Sources */,
				5F0E9DAB21AAC44E008FC5C2 /* MealPlannerCollectionViewCell.swift in Sources */,
				5FDD350B2225389D000F9B0E /* ExploreTableViewCell.swift in Sources */,
				5FA75331222C9345001B1073 /* SystemVC.swift in Sources */,
				5FBDD128219DF27A00242016 /* HomeViewController.swift in Sources */,
				5F0E9DAF21AAC485008FC5C2 /* MealPlannerTableViewCell.swift in Sources */,
				5FE0002E22246F9B001DE3A4 /* ExploreViewController.swift in Sources */,
				5F65E6EF21EDEA1400EA7E0E /* PasswordValidator.swift in Sources */,
				5F742D4F222D85F200F00520 /* RecipeSlideViewController.swift in Sources */,
				5F51AF2022549B9A002BD163 /* KeyboardService.swift in Sources */,
				5F9FA602229E54CC00DFA680 /* Screen.swift in Sources */,
				5F38E9D92264D9FD00458A20 /* ImageContentTableViewCell.swift in Sources */,
				5F742D58222FD25200F00520 /* CuratorViewController.swift in Sources */,
				5F416C0322200535001EA396 /* DirectionsDataSource.swift in Sources */,
				5FAB8C2E21E6883F00819EAC /* WelcomeViewController.swift in Sources */,
				5F3A633C2219CFF2009D8DC7 /* RecipeDetailViewController.swift in Sources */,
				5F65E6ED21EDE93400EA7E0E /* SignupModel.swift in Sources */,
			);
			runOnlyForDeploymentPostprocessing = 0;
		};
		5F51C86421A6F9380039927F /* Sources */ = {
			isa = PBXSourcesBuildPhase;
			buildActionMask = 2147483647;
			files = (
				5F41264A21AEA1C6004D8935 /* ProductStructsTest.swift in Sources */,
				5F41264021AD9461004D8935 /* IngredientAndStepTests.swift in Sources */,
				5F1B03E321AD601A00F46843 /* TagStructTest.swift in Sources */,
				5FAB8C3521E688A300819EAC /* RegisterViewController.swift in Sources */,
				5FAB8C3221E6889000819EAC /* LogInViewController.swift in Sources */,
				5F65E6EB21EDD1A200EA7E0E /* SignUpModelTests.swift in Sources */,
				5FAB8C2F21E6883F00819EAC /* WelcomeViewController.swift in Sources */,
				5F1B03DF21AD55B800F46843 /* RecipeStructTests.swift in Sources */,
				5F51C86B21A6F9380039927F /* Avenue_AppTests.swift in Sources */,
			);
			runOnlyForDeploymentPostprocessing = 0;
		};
/* End PBXSourcesBuildPhase section */

/* Begin PBXTargetDependency section */
		5F51C86E21A6F9380039927F /* PBXTargetDependency */ = {
			isa = PBXTargetDependency;
			target = 5E08909921316D810013D4CF /* Avenue App */;
			targetProxy = 5F51C86D21A6F9380039927F /* PBXContainerItemProxy */;
		};
/* End PBXTargetDependency section */

/* Begin PBXVariantGroup section */
		5E0890A121316D810013D4CF /* Main.storyboard */ = {
			isa = PBXVariantGroup;
			children = (
				5E0890A221316D810013D4CF /* Base */,
			);
			name = Main.storyboard;
			sourceTree = "<group>";
		};
		5E0890A621316D810013D4CF /* LaunchScreen.storyboard */ = {
			isa = PBXVariantGroup;
			children = (
				5E0890A721316D810013D4CF /* Base */,
			);
			name = LaunchScreen.storyboard;
			sourceTree = "<group>";
		};
/* End PBXVariantGroup section */

/* Begin XCBuildConfiguration section */
		5E0890AA21316D810013D4CF /* Debug */ = {
			isa = XCBuildConfiguration;
			buildSettings = {
				ALWAYS_SEARCH_USER_PATHS = NO;
				CLANG_ANALYZER_NONNULL = YES;
				CLANG_ANALYZER_NUMBER_OBJECT_CONVERSION = YES_AGGRESSIVE;
				CLANG_CXX_LANGUAGE_STANDARD = "gnu++14";
				CLANG_CXX_LIBRARY = "libc++";
				CLANG_ENABLE_MODULES = YES;
				CLANG_ENABLE_OBJC_ARC = YES;
				CLANG_WARN_BLOCK_CAPTURE_AUTORELEASING = YES;
				CLANG_WARN_BOOL_CONVERSION = YES;
				CLANG_WARN_COMMA = YES;
				CLANG_WARN_CONSTANT_CONVERSION = YES;
				CLANG_WARN_DEPRECATED_OBJC_IMPLEMENTATIONS = YES;
				CLANG_WARN_DIRECT_OBJC_ISA_USAGE = YES_ERROR;
				CLANG_WARN_DOCUMENTATION_COMMENTS = YES;
				CLANG_WARN_EMPTY_BODY = YES;
				CLANG_WARN_ENUM_CONVERSION = YES;
				CLANG_WARN_INFINITE_RECURSION = YES;
				CLANG_WARN_INT_CONVERSION = YES;
				CLANG_WARN_NON_LITERAL_NULL_CONVERSION = YES;
				CLANG_WARN_OBJC_IMPLICIT_RETAIN_SELF = YES;
				CLANG_WARN_OBJC_LITERAL_CONVERSION = YES;
				CLANG_WARN_OBJC_ROOT_CLASS = YES_ERROR;
				CLANG_WARN_RANGE_LOOP_ANALYSIS = YES;
				CLANG_WARN_STRICT_PROTOTYPES = YES;
				CLANG_WARN_SUSPICIOUS_MOVE = YES;
				CLANG_WARN_UNGUARDED_AVAILABILITY = YES_AGGRESSIVE;
				CLANG_WARN_UNREACHABLE_CODE = YES;
				CLANG_WARN__DUPLICATE_METHOD_MATCH = YES;
				CODE_SIGN_IDENTITY = "iPhone Developer";
				COPY_PHASE_STRIP = NO;
				DEBUG_INFORMATION_FORMAT = dwarf;
				ENABLE_STRICT_OBJC_MSGSEND = YES;
				ENABLE_TESTABILITY = YES;
				GCC_C_LANGUAGE_STANDARD = gnu11;
				GCC_DYNAMIC_NO_PIC = NO;
				GCC_NO_COMMON_BLOCKS = YES;
				GCC_OPTIMIZATION_LEVEL = 0;
				GCC_PREPROCESSOR_DEFINITIONS = (
					"DEBUG=1",
					"$(inherited)",
				);
				GCC_WARN_64_TO_32_BIT_CONVERSION = YES;
				GCC_WARN_ABOUT_RETURN_TYPE = YES_ERROR;
				GCC_WARN_UNDECLARED_SELECTOR = YES;
				GCC_WARN_UNINITIALIZED_AUTOS = YES_AGGRESSIVE;
				GCC_WARN_UNUSED_FUNCTION = YES;
				GCC_WARN_UNUSED_VARIABLE = YES;
				IPHONEOS_DEPLOYMENT_TARGET = 11.1;
				MTL_ENABLE_DEBUG_INFO = YES;
				ONLY_ACTIVE_ARCH = YES;
				SDKROOT = iphoneos;
				SWIFT_ACTIVE_COMPILATION_CONDITIONS = DEBUG;
				SWIFT_OPTIMIZATION_LEVEL = "-Onone";
				SWIFT_VERSION = 4.2;
			};
			name = Debug;
		};
		5E0890AB21316D810013D4CF /* Release */ = {
			isa = XCBuildConfiguration;
			buildSettings = {
				ALWAYS_SEARCH_USER_PATHS = NO;
				CLANG_ANALYZER_NONNULL = YES;
				CLANG_ANALYZER_NUMBER_OBJECT_CONVERSION = YES_AGGRESSIVE;
				CLANG_CXX_LANGUAGE_STANDARD = "gnu++14";
				CLANG_CXX_LIBRARY = "libc++";
				CLANG_ENABLE_MODULES = YES;
				CLANG_ENABLE_OBJC_ARC = YES;
				CLANG_WARN_BLOCK_CAPTURE_AUTORELEASING = YES;
				CLANG_WARN_BOOL_CONVERSION = YES;
				CLANG_WARN_COMMA = YES;
				CLANG_WARN_CONSTANT_CONVERSION = YES;
				CLANG_WARN_DEPRECATED_OBJC_IMPLEMENTATIONS = YES;
				CLANG_WARN_DIRECT_OBJC_ISA_USAGE = YES_ERROR;
				CLANG_WARN_DOCUMENTATION_COMMENTS = YES;
				CLANG_WARN_EMPTY_BODY = YES;
				CLANG_WARN_ENUM_CONVERSION = YES;
				CLANG_WARN_INFINITE_RECURSION = YES;
				CLANG_WARN_INT_CONVERSION = YES;
				CLANG_WARN_NON_LITERAL_NULL_CONVERSION = YES;
				CLANG_WARN_OBJC_IMPLICIT_RETAIN_SELF = YES;
				CLANG_WARN_OBJC_LITERAL_CONVERSION = YES;
				CLANG_WARN_OBJC_ROOT_CLASS = YES_ERROR;
				CLANG_WARN_RANGE_LOOP_ANALYSIS = YES;
				CLANG_WARN_STRICT_PROTOTYPES = YES;
				CLANG_WARN_SUSPICIOUS_MOVE = YES;
				CLANG_WARN_UNGUARDED_AVAILABILITY = YES_AGGRESSIVE;
				CLANG_WARN_UNREACHABLE_CODE = YES;
				CLANG_WARN__DUPLICATE_METHOD_MATCH = YES;
				CODE_SIGN_IDENTITY = "iPhone Developer";
				COPY_PHASE_STRIP = NO;
				DEBUG_INFORMATION_FORMAT = "dwarf-with-dsym";
				ENABLE_NS_ASSERTIONS = NO;
				ENABLE_STRICT_OBJC_MSGSEND = YES;
				GCC_C_LANGUAGE_STANDARD = gnu11;
				GCC_NO_COMMON_BLOCKS = YES;
				GCC_WARN_64_TO_32_BIT_CONVERSION = YES;
				GCC_WARN_ABOUT_RETURN_TYPE = YES_ERROR;
				GCC_WARN_UNDECLARED_SELECTOR = YES;
				GCC_WARN_UNINITIALIZED_AUTOS = YES_AGGRESSIVE;
				GCC_WARN_UNUSED_FUNCTION = YES;
				GCC_WARN_UNUSED_VARIABLE = YES;
				IPHONEOS_DEPLOYMENT_TARGET = 11.1;
				MTL_ENABLE_DEBUG_INFO = NO;
				SDKROOT = iphoneos;
				SWIFT_OPTIMIZATION_LEVEL = "-Owholemodule";
				SWIFT_VERSION = 4.2;
				VALIDATE_PRODUCT = YES;
			};
			name = Release;
		};
		5E0890AD21316D810013D4CF /* Debug */ = {
			isa = XCBuildConfiguration;
			baseConfigurationReference = 66423DDB38CDC4661D0F7FF5 /* Pods-Avenue App.debug.xcconfig */;
			buildSettings = {
				ASSETCATALOG_COMPILER_APPICON_NAME = AppIcon;
				CODE_SIGN_STYLE = Automatic;
				DEVELOPMENT_TEAM = 59J4UJT338;
				INFOPLIST_FILE = "Avenue App/Info.plist";
				LD_RUNPATH_SEARCH_PATHS = "$(inherited) @executable_path/Frameworks";
				PRODUCT_BUNDLE_IDENTIFIER = adeOlusunmade.Avenue;
				PRODUCT_NAME = "$(TARGET_NAME)";
				SWIFT_VERSION = 4.2;
				TARGETED_DEVICE_FAMILY = "1,2";
			};
			name = Debug;
		};
		5E0890AE21316D810013D4CF /* Release */ = {
			isa = XCBuildConfiguration;
			baseConfigurationReference = 62706BE8B9A8F2916536E98F /* Pods-Avenue App.release.xcconfig */;
			buildSettings = {
				ASSETCATALOG_COMPILER_APPICON_NAME = AppIcon;
				CODE_SIGN_STYLE = Automatic;
				DEVELOPMENT_TEAM = 59J4UJT338;
				INFOPLIST_FILE = "Avenue App/Info.plist";
				LD_RUNPATH_SEARCH_PATHS = "$(inherited) @executable_path/Frameworks";
				PRODUCT_BUNDLE_IDENTIFIER = adeOlusunmade.Avenue;
				PRODUCT_NAME = "$(TARGET_NAME)";
				SWIFT_VERSION = 4.2;
				TARGETED_DEVICE_FAMILY = "1,2";
			};
			name = Release;
		};
		5F51C87021A6F9380039927F /* Debug */ = {
			isa = XCBuildConfiguration;
			baseConfigurationReference = FC745B6143AFA1A6BAFB2CF9 /* Pods-Avenue AppTests.debug.xcconfig */;
			buildSettings = {
				BUNDLE_LOADER = "$(TEST_HOST)";
				CLANG_ENABLE_OBJC_WEAK = YES;
				CLANG_WARN_DEPRECATED_OBJC_IMPLEMENTATIONS = YES;
				CLANG_WARN_OBJC_IMPLICIT_RETAIN_SELF = YES;
				CODE_SIGN_STYLE = Automatic;
				INFOPLIST_FILE = "Avenue AppTests/Info.plist";
				IPHONEOS_DEPLOYMENT_TARGET = 12.0;
				LD_RUNPATH_SEARCH_PATHS = "$(inherited) @executable_path/Frameworks @loader_path/Frameworks";
				MTL_ENABLE_DEBUG_INFO = INCLUDE_SOURCE;
				MTL_FAST_MATH = YES;
				PRODUCT_BUNDLE_IDENTIFIER = "com.adeOlusunmade.Avenue-AppTests";
				PRODUCT_NAME = "$(TARGET_NAME)";
				SWIFT_VERSION = 4.2;
				TARGETED_DEVICE_FAMILY = "1,2";
				TEST_HOST = "$(BUILT_PRODUCTS_DIR)/Avenue App.app/Avenue App";
			};
			name = Debug;
		};
		5F51C87121A6F9380039927F /* Release */ = {
			isa = XCBuildConfiguration;
			baseConfigurationReference = A17013C8EBEB9189F3E4F619 /* Pods-Avenue AppTests.release.xcconfig */;
			buildSettings = {
				BUNDLE_LOADER = "$(TEST_HOST)";
				CLANG_ENABLE_OBJC_WEAK = YES;
				CLANG_WARN_DEPRECATED_OBJC_IMPLEMENTATIONS = YES;
				CLANG_WARN_OBJC_IMPLICIT_RETAIN_SELF = YES;
				CODE_SIGN_STYLE = Automatic;
				INFOPLIST_FILE = "Avenue AppTests/Info.plist";
				IPHONEOS_DEPLOYMENT_TARGET = 12.0;
				LD_RUNPATH_SEARCH_PATHS = "$(inherited) @executable_path/Frameworks @loader_path/Frameworks";
				MTL_FAST_MATH = YES;
				PRODUCT_BUNDLE_IDENTIFIER = "com.adeOlusunmade.Avenue-AppTests";
				PRODUCT_NAME = "$(TARGET_NAME)";
				SWIFT_VERSION = 4.2;
				TARGETED_DEVICE_FAMILY = "1,2";
				TEST_HOST = "$(BUILT_PRODUCTS_DIR)/Avenue App.app/Avenue App";
			};
			name = Release;
		};
/* End XCBuildConfiguration section */

/* Begin XCConfigurationList section */
		5E08909521316D810013D4CF /* Build configuration list for PBXProject "Avenue App" */ = {
			isa = XCConfigurationList;
			buildConfigurations = (
				5E0890AA21316D810013D4CF /* Debug */,
				5E0890AB21316D810013D4CF /* Release */,
			);
			defaultConfigurationIsVisible = 0;
			defaultConfigurationName = Release;
		};
		5E0890AC21316D810013D4CF /* Build configuration list for PBXNativeTarget "Avenue App" */ = {
			isa = XCConfigurationList;
			buildConfigurations = (
				5E0890AD21316D810013D4CF /* Debug */,
				5E0890AE21316D810013D4CF /* Release */,
			);
			defaultConfigurationIsVisible = 0;
			defaultConfigurationName = Release;
		};
		5F51C86F21A6F9380039927F /* Build configuration list for PBXNativeTarget "Avenue AppTests" */ = {
			isa = XCConfigurationList;
			buildConfigurations = (
				5F51C87021A6F9380039927F /* Debug */,
				5F51C87121A6F9380039927F /* Release */,
			);
			defaultConfigurationIsVisible = 0;
			defaultConfigurationName = Release;
		};
/* End XCConfigurationList section */
	};
	rootObject = 5E08909221316D810013D4CF /* Project object */;
}
